[[package]]
name = "aioredis"
version = "2.0.0"
description = "asyncio (PEP 3156) Redis support"
category = "main"
optional = false
python-versions = ">=3.6"

[package.dependencies]
async-timeout = "*"
typing-extensions = "*"

[package.extras]
hiredis = ["hiredis (>=1.0)"]

[[package]]
name = "async-timeout"
version = "3.0.1"
description = "Timeout context manager for asyncio programs"
category = "main"
optional = false
python-versions = ">=3.5.3"

[[package]]
name = "certifi"
version = "2021.10.8"
description = "Python package for providing Mozilla's CA Bundle."
category = "main"
optional = false
python-versions = "*"

[[package]]
name = "chardet"
version = "3.0.4"
description = "Universal encoding detector for Python 2 and 3"
category = "main"
optional = false
python-versions = "*"

[[package]]
name = "colorama"
version = "0.4.4"
description = "Cross-platform colored terminal text."
category = "main"
optional = false
python-versions = ">=2.7, !=3.0.*, !=3.1.*, !=3.2.*, !=3.3.*, !=3.4.*"

[[package]]
name = "gmqtt"
version = "0.6.11"
description = "Client for MQTT protocol"
category = "main"
optional = false
python-versions = ">=3.5"

[package.extras]
test = ["atomicwrites (>=1.3.0)", "attrs (>=19.1.0)", "codecov (>=2.0.15)", "coverage (>=4.5.3)", "more-itertools (>=7.0.0)", "pluggy (>=0.11.0)", "py (>=1.8.0)", "pytest-asyncio (>=0.12.0)", "pytest-cov (>=2.7.1)", "pytest (>=5.4.0)", "six (>=1.12.0)", "uvloop (>=0.14.0)"]

[[package]]
name = "idna"
version = "2.8"
description = "Internationalized Domain Names in Applications (IDNA)"
category = "main"
optional = false
python-versions = ">=2.7, !=3.0.*, !=3.1.*, !=3.2.*, !=3.3.*"

[[package]]
name = "importlib-metadata"
version = "1.6.0"
description = "Read metadata from Python packages"
category = "main"
optional = false
python-versions = "!=3.0.*,!=3.1.*,!=3.2.*,!=3.3.*,!=3.4.*,>=2.7"

[package.dependencies]
zipp = ">=0.5"

[package.extras]
docs = ["sphinx", "rst.linker"]
testing = ["packaging", "importlib-resources"]

[[package]]
name = "loguru"
version = "0.4.1"
description = "Python logging made (stupidly) simple"
category = "main"
optional = false
python-versions = ">=3.5"

[package.dependencies]
colorama = {version = ">=0.3.4", markers = "sys_platform == \"win32\""}
win32-setctime = {version = ">=1.0.0", markers = "sys_platform == \"win32\""}

[package.extras]
dev = ["codecov (>=2.0.15)", "colorama (>=0.3.4)", "flake8 (>=3.7.7)", "isort (>=4.3.20)", "tox (>=3.9.0)", "tox-travis (>=0.12)", "pytest (>=4.6.2)", "pytest-cov (>=2.7.1)", "Sphinx (>=2.2.1)", "sphinx-autobuild (>=0.7.1)", "sphinx-rtd-theme (>=0.4.3)", "black (>=19.3b0)"]

[[package]]
name = "msgpack"
version = "1.0.2"
description = "MessagePack (de)serializer."
category = "main"
optional = false
python-versions = "*"

[[package]]
name = "orjson"
version = "3.3.1"
description = "Fast, correct Python JSON library supporting dataclasses, datetimes, and numpy"
category = "main"
optional = false
python-versions = ">=3.6"

[[package]]
name = "pydantic"
version = "1.0"
description = "Data validation and settings management using python 3.6 type hinting"
category = "main"
optional = false
python-versions = ">=3.6"

[package.extras]
email = ["email-validator (>=1.0.3)"]
typing_extensions = ["typing-extensions (>=3.7.2)"]

[[package]]
name = "pysolace"
version = "0.9.11"
description = "python solclient"
category = "main"
optional = false
python-versions = "*"

[package.dependencies]
loguru = "*"
msgpack = "*"
orjson = "3.3.1"
sentry-sdk = "*"

[package.extras]
dev = ["pybind11 (>=2.2)", "ujson", "pytest", "pytest-benchmark"]

[[package]]
name = "python-dotenv"
version = "0.19.1"
description = "Read key-value pairs from a .env file and set them as environment variables"
category = "main"
optional = false
python-versions = ">=3.5"

[package.extras]
cli = ["click (>=5.0)"]

[[package]]
name = "redis"
version = "3.5.3"
description = "Python client for Redis key-value store"
category = "main"
optional = false
python-versions = ">=2.7, !=3.0.*, !=3.1.*, !=3.2.*, !=3.3.*, !=3.4.*"

[package.extras]
hiredis = ["hiredis (>=0.1.3)"]

[[package]]
name = "requests"
version = "2.22.0"
description = "Python HTTP for Humans."
category = "main"
optional = false
python-versions = ">=2.7, !=3.0.*, !=3.1.*, !=3.2.*, !=3.3.*, !=3.4.*"

[package.dependencies]
certifi = ">=2017.4.17"
chardet = ">=3.0.2,<3.1.0"
idna = ">=2.5,<2.9"
urllib3 = ">=1.21.1,<1.25.0 || >1.25.0,<1.25.1 || >1.25.1,<1.26"

[package.extras]
security = ["pyOpenSSL (>=0.14)", "cryptography (>=1.3.4)", "idna (>=2.0.0)"]
socks = ["PySocks (>=1.5.6,!=1.5.7)", "win-inet-pton"]

[[package]]
name = "sentry-sdk"
version = "0.14.1"
description = "Python client for Sentry (https://getsentry.com)"
category = "main"
optional = false
python-versions = "*"

[package.dependencies]
certifi = "*"
urllib3 = ">=1.10.0"

[package.extras]
aiohttp = ["aiohttp (>=3.5)"]
beam = ["beam (>=2.12)"]
bottle = ["bottle (>=0.12.13)"]
celery = ["celery (>=3)"]
django = ["django (>=1.8)"]
falcon = ["falcon (>=1.4)"]
flask = ["flask (>=0.11)", "blinker (>=1.1)"]
pyspark = ["pyspark (>=2.4.4)"]
sanic = ["sanic (>=0.8)"]
sqlalchemy = ["sqlalchemy (>=1.2)"]
tornado = ["tornado (>=5)"]

[[package]]
name = "shioaji"
version = "0.3.3.dev4"
description = "Sinopac All New Trading Api."
category = "main"
optional = false
python-versions = "*"

[package.dependencies]
importlib-metadata = "1.6.0"
loguru = "0.4.1"
pydantic = "1.0.0"
pysolace = "0.9.11"
requests = "2.22.0"
sentry-sdk = "0.14.1"
xxhash = "2.0.0"

[package.extras]
speed = ["ciso8601 (>=2.1.3)"]

[[package]]
name = "typing-extensions"
version = "3.10.0.2"
description = "Backported and Experimental Type Hints for Python 3.5+"
category = "main"
optional = false
python-versions = "*"

[[package]]
name = "ujson"
version = "4.2.0"
description = "Ultra fast JSON encoder and decoder for Python"
category = "main"
optional = false
python-versions = ">=3.6"

[[package]]
name = "urllib3"
version = "1.25.11"
description = "HTTP library with thread-safe connection pooling, file post, and more."
category = "main"
optional = false
python-versions = ">=2.7, !=3.0.*, !=3.1.*, !=3.2.*, !=3.3.*, !=3.4.*, <4"

[package.extras]
brotli = ["brotlipy (>=0.6.0)"]
secure = ["pyOpenSSL (>=0.14)", "cryptography (>=1.3.4)", "idna (>=2.0.0)", "certifi", "ipaddress"]
socks = ["PySocks (>=1.5.6,!=1.5.7,<2.0)"]

[[package]]
name = "uvloop"
version = "0.16.0"
description = "Fast implementation of asyncio event loop on top of libuv"
category = "main"
optional = false
python-versions = ">=3.7"

[package.extras]
dev = ["Cython (>=0.29.24,<0.30.0)", "pytest (>=3.6.0)", "Sphinx (>=4.1.2,<4.2.0)", "sphinxcontrib-asyncio (>=0.3.0,<0.4.0)", "sphinx-rtd-theme (>=0.5.2,<0.6.0)", "aiohttp", "flake8 (>=3.9.2,<3.10.0)", "psutil", "pycodestyle (>=2.7.0,<2.8.0)", "pyOpenSSL (>=19.0.0,<19.1.0)", "mypy (>=0.800)"]
docs = ["Sphinx (>=4.1.2,<4.2.0)", "sphinxcontrib-asyncio (>=0.3.0,<0.4.0)", "sphinx-rtd-theme (>=0.5.2,<0.6.0)"]
test = ["aiohttp", "flake8 (>=3.9.2,<3.10.0)", "psutil", "pycodestyle (>=2.7.0,<2.8.0)", "pyOpenSSL (>=19.0.0,<19.1.0)", "mypy (>=0.800)"]

[[package]]
name = "websockets"
version = "10.0"
description = "An implementation of the WebSocket Protocol (RFC 6455 & 7692)"
category = "main"
optional = false
python-versions = ">=3.7"

[[package]]
name = "win32-setctime"
version = "1.0.3"
description = "A small Python utility to set file creation time on Windows"
category = "main"
optional = false
python-versions = ">=3.5"

[package.extras]
dev = ["pytest (>=4.6.2)", "black (>=19.3b0)"]

[[package]]
name = "xxhash"
version = "2.0.0"
description = "Python binding for xxHash"
category = "main"
optional = false
python-versions = ">=2.6, !=3.0.*, !=3.1.*, !=3.2.*"

[[package]]
name = "zipp"
version = "3.6.0"
description = "Backport of pathlib-compatible object wrapper for zip files"
category = "main"
optional = false
python-versions = ">=3.6"

[package.extras]
docs = ["sphinx", "jaraco.packaging (>=8.2)", "rst.linker (>=1.9)"]
testing = ["pytest (>=4.6)", "pytest-checkdocs (>=2.4)", "pytest-flake8", "pytest-cov", "pytest-enabler (>=1.0.1)", "jaraco.itertools", "func-timeout", "pytest-black (>=0.3.7)", "pytest-mypy"]

[metadata]
lock-version = "1.1"
python-versions = "^3.7"
content-hash = "4bb42a30e94d1c2348941f4d62e27e8714b94c2b421a60459014c413787a3b1e"

[metadata.files]
aioredis = [
    {file = "aioredis-2.0.0-py3-none-any.whl", hash = "sha256:9921d68a3df5c5cdb0d5b49ad4fc88a4cfdd60c108325df4f0066e8410c55ffb"},
    {file = "aioredis-2.0.0.tar.gz", hash = "sha256:3a2de4b614e6a5f8e104238924294dc4e811aefbe17ddf52c04a93cbf06e67db"},
]
async-timeout = [
    {file = "async-timeout-3.0.1.tar.gz", hash = "sha256:0c3c816a028d47f659d6ff5c745cb2acf1f966da1fe5c19c77a70282b25f4c5f"},
    {file = "async_timeout-3.0.1-py3-none-any.whl", hash = "sha256:4291ca197d287d274d0b6cb5d6f8f8f82d434ed288f962539ff18cc9012f9ea3"},
]
certifi = [
    {file = "certifi-2021.10.8-py2.py3-none-any.whl", hash = "sha256:d62a0163eb4c2344ac042ab2bdf75399a71a2d8c7d47eac2e2ee91b9d6339569"},
    {file = "certifi-2021.10.8.tar.gz", hash = "sha256:78884e7c1d4b00ce3cea67b44566851c4343c120abd683433ce934a68ea58872"},
]
chardet = [
    {file = "chardet-3.0.4-py2.py3-none-any.whl", hash = "sha256:fc323ffcaeaed0e0a02bf4d117757b98aed530d9ed4531e3e15460124c106691"},
    {file = "chardet-3.0.4.tar.gz", hash = "sha256:84ab92ed1c4d4f16916e05906b6b75a6c0fb5db821cc65e70cbd64a3e2a5eaae"},
]
colorama = [
    {file = "colorama-0.4.4-py2.py3-none-any.whl", hash = "sha256:9f47eda37229f68eee03b24b9748937c7dc3868f906e8ba69fbcbdd3bc5dc3e2"},
    {file = "colorama-0.4.4.tar.gz", hash = "sha256:5941b2b48a20143d2267e95b1c2a7603ce057ee39fd88e7329b0c292aa16869b"},
]
gmqtt = [
    {file = "gmqtt-0.6.11-py3-none-any.whl", hash = "sha256:de728635f9fb15288e1b2da1591a091653e1ce4bc8be031f4ef4ef4da57af955"},
    {file = "gmqtt-0.6.11.tar.gz", hash = "sha256:0be6d57841538abc3ae0a41131c6d53314e0705b74876a6f94bc903df1209fb6"},
]
idna = [
    {file = "idna-2.8-py2.py3-none-any.whl", hash = "sha256:ea8b7f6188e6fa117537c3df7da9fc686d485087abf6ac197f9c46432f7e4a3c"},
    {file = "idna-2.8.tar.gz", hash = "sha256:c357b3f628cf53ae2c4c05627ecc484553142ca23264e593d327bcde5e9c3407"},
]
importlib-metadata = [
    {file = "importlib_metadata-1.6.0-py2.py3-none-any.whl", hash = "sha256:2a688cbaa90e0cc587f1df48bdc97a6eadccdcd9c35fb3f976a09e3b5016d90f"},
    {file = "importlib_metadata-1.6.0.tar.gz", hash = "sha256:34513a8a0c4962bc66d35b359558fd8a5e10cd472d37aec5f66858addef32c1e"},
]
loguru = [
    {file = "loguru-0.4.1-py3-none-any.whl", hash = "sha256:074b3caa6748452c1e4f2b302093c94b65d5a4c5a4d7743636b4121e06437b0e"},
    {file = "loguru-0.4.1.tar.gz", hash = "sha256:a6101fd435ac89ba5205a105a26a6ede9e4ddbb4408a6e167852efca47806d11"},
]
msgpack = [
    {file = "msgpack-1.0.2-cp35-cp35m-manylinux1_i686.whl", hash = "sha256:b6d9e2dae081aa35c44af9c4298de4ee72991305503442a5c74656d82b581fe9"},
    {file = "msgpack-1.0.2-cp35-cp35m-manylinux1_x86_64.whl", hash = "sha256:a99b144475230982aee16b3d249170f1cccebf27fb0a08e9f603b69637a62192"},
    {file = "msgpack-1.0.2-cp35-cp35m-manylinux2014_aarch64.whl", hash = "sha256:1026dcc10537d27dd2d26c327e552f05ce148977e9d7b9f1718748281b38c841"},
    {file = "msgpack-1.0.2-cp36-cp36m-macosx_10_14_x86_64.whl", hash = "sha256:fe07bc6735d08e492a327f496b7850e98cb4d112c56df69b0c844dbebcbb47f6"},
    {file = "msgpack-1.0.2-cp36-cp36m-manylinux1_i686.whl", hash = "sha256:9ea52fff0473f9f3000987f313310208c879493491ef3ccf66268eff8d5a0326"},
    {file = "msgpack-1.0.2-cp36-cp36m-manylinux1_x86_64.whl", hash = "sha256:26a1759f1a88df5f1d0b393eb582ec022326994e311ba9c5818adc5374736439"},
    {file = "msgpack-1.0.2-cp36-cp36m-manylinux2014_aarch64.whl", hash = "sha256:497d2c12426adcd27ab83144057a705efb6acc7e85957a51d43cdcf7f258900f"},
    {file = "msgpack-1.0.2-cp36-cp36m-win32.whl", hash = "sha256:e89ec55871ed5473a041c0495b7b4e6099f6263438e0bd04ccd8418f92d5d7f2"},
    {file = "msgpack-1.0.2-cp36-cp36m-win_amd64.whl", hash = "sha256:a4355d2193106c7aa77c98fc955252a737d8550320ecdb2e9ac701e15e2943bc"},
    {file = "msgpack-1.0.2-cp37-cp37m-macosx_10_14_x86_64.whl", hash = "sha256:d6c64601af8f3893d17ec233237030e3110f11b8a962cb66720bf70c0141aa54"},
    {file = "msgpack-1.0.2-cp37-cp37m-manylinux1_i686.whl", hash = "sha256:f484cd2dca68502de3704f056fa9b318c94b1539ed17a4c784266df5d6978c87"},
    {file = "msgpack-1.0.2-cp37-cp37m-manylinux1_x86_64.whl", hash = "sha256:f3e6aaf217ac1c7ce1563cf52a2f4f5d5b1f64e8729d794165db71da57257f0c"},
    {file = "msgpack-1.0.2-cp37-cp37m-manylinux2014_aarch64.whl", hash = "sha256:8521e5be9e3b93d4d5e07cb80b7e32353264d143c1f072309e1863174c6aadb1"},
    {file = "msgpack-1.0.2-cp37-cp37m-win32.whl", hash = "sha256:31c17bbf2ae5e29e48d794c693b7ca7a0c73bd4280976d408c53df421e838d2a"},
    {file = "msgpack-1.0.2-cp37-cp37m-win_amd64.whl", hash = "sha256:8ffb24a3b7518e843cd83538cf859e026d24ec41ac5721c18ed0c55101f9775b"},
    {file = "msgpack-1.0.2-cp38-cp38-macosx_10_14_x86_64.whl", hash = "sha256:b28c0876cce1466d7c2195d7658cf50e4730667196e2f1355c4209444717ee06"},
    {file = "msgpack-1.0.2-cp38-cp38-manylinux1_i686.whl", hash = "sha256:87869ba567fe371c4555d2e11e4948778ab6b59d6cc9d8460d543e4cfbbddd1c"},
    {file = "msgpack-1.0.2-cp38-cp38-manylinux1_x86_64.whl", hash = "sha256:b55f7db883530b74c857e50e149126b91bb75d35c08b28db12dcb0346f15e46e"},
    {file = "msgpack-1.0.2-cp38-cp38-manylinux2014_aarch64.whl", hash = "sha256:ac25f3e0513f6673e8b405c3a80500eb7be1cf8f57584be524c4fa78fe8e0c83"},
    {file = "msgpack-1.0.2-cp38-cp38-win32.whl", hash = "sha256:0cb94ee48675a45d3b86e61d13c1e6f1696f0183f0715544976356ff86f741d9"},
    {file = "msgpack-1.0.2-cp38-cp38-win_amd64.whl", hash = "sha256:e36a812ef4705a291cdb4a2fd352f013134f26c6ff63477f20235138d1d21009"},
    {file = "msgpack-1.0.2-cp39-cp39-macosx_10_14_x86_64.whl", hash = "sha256:2a5866bdc88d77f6e1370f82f2371c9bc6fc92fe898fa2dec0c5d4f5435a2694"},
    {file = "msgpack-1.0.2-cp39-cp39-manylinux1_i686.whl", hash = "sha256:92be4b12de4806d3c36810b0fe2aeedd8d493db39e2eb90742b9c09299eb5759"},
    {file = "msgpack-1.0.2-cp39-cp39-manylinux1_x86_64.whl", hash = "sha256:de6bd7990a2c2dabe926b7e62a92886ccbf809425c347ae7de277067f97c2887"},
    {file = "msgpack-1.0.2-cp39-cp39-manylinux2014_aarch64.whl", hash = "sha256:5a9ee2540c78659a1dd0b110f73773533ee3108d4e1219b5a15a8d635b7aca0e"},
    {file = "msgpack-1.0.2-cp39-cp39-win32.whl", hash = "sha256:c747c0cc08bd6d72a586310bda6ea72eeb28e7505990f342552315b229a19b33"},
    {file = "msgpack-1.0.2-cp39-cp39-win_amd64.whl", hash = "sha256:d8167b84af26654c1124857d71650404336f4eb5cc06900667a493fc619ddd9f"},
    {file = "msgpack-1.0.2.tar.gz", hash = "sha256:fae04496f5bc150eefad4e9571d1a76c55d021325dcd484ce45065ebbdd00984"},
]
orjson = [
    {file = "orjson-3.3.1-cp36-cp36m-macosx_10_7_x86_64.whl", hash = "sha256:0f33d28083819579976669f54ca79675d8e95fd5d75e7db21b798354ed8dd15b"},
    {file = "orjson-3.3.1-cp36-cp36m-manylinux1_x86_64.whl", hash = "sha256:4c290f1c0b6665d60181ee2f0ef631640d04ead2002ca4eadce4991ea5d6a4ed"},
    {file = "orjson-3.3.1-cp36-cp36m-manylinux2014_aarch64.whl", hash = "sha256:bf542f372162533550e86003d48664ab5fc1b44fb2b88923b9794cc8db6f0cf0"},
    {file = "orjson-3.3.1-cp36-cp36m-manylinux2014_x86_64.whl", hash = "sha256:28e6116ebd2082357bb9c66a76a3a1dc6aa4de0754801ac10b9903d31b752a1b"},
    {file = "orjson-3.3.1-cp36-none-win_amd64.whl", hash = "sha256:c4ac5a1d1767733708fd9b45cbbab3f8871af57b54b707a2dc6fddb47e51a81a"},
    {file = "orjson-3.3.1-cp37-cp37m-macosx_10_7_x86_64.whl", hash = "sha256:0f11fd620b74fbdcf29021b3a9c36fb6e13efcdd63cbacc292d0786b54b4b2e8"},
    {file = "orjson-3.3.1-cp37-cp37m-manylinux1_x86_64.whl", hash = "sha256:e455c5b42a023f4777526c623d2e9ae415084de5130f93aefe689ea482de5f67"},
    {file = "orjson-3.3.1-cp37-cp37m-manylinux2014_aarch64.whl", hash = "sha256:8c90083c67653d88b132820719e604250f26ba04229efe3149bf82ba2a08f8cf"},
    {file = "orjson-3.3.1-cp37-cp37m-manylinux2014_x86_64.whl", hash = "sha256:bc23eed41167b4454cddd51f72a7ee4163c33565c509bb9469adf56384b1cce2"},
    {file = "orjson-3.3.1-cp37-none-win_amd64.whl", hash = "sha256:3bff4765281da6fa8ddbbe692e5061f950d11aabdfe64837fb53ead4756e9af6"},
    {file = "orjson-3.3.1-cp38-cp38-macosx_10_7_x86_64.whl", hash = "sha256:1e19907c1ccf82976c2d111f3914a2c0697720b91908e8ef02405e4dc21c662a"},
    {file = "orjson-3.3.1-cp38-cp38-manylinux1_x86_64.whl", hash = "sha256:aa8332a3ee0fa03a331bea4f28cdcc4d363b53af2ea41630d7eb580422514a1f"},
    {file = "orjson-3.3.1-cp38-cp38-manylinux2014_aarch64.whl", hash = "sha256:4ab9536c3776136303ab9e6432691d970e6aa5d27dbc2b5e0ca0d0db3e12f1c4"},
    {file = "orjson-3.3.1-cp38-cp38-manylinux2014_x86_64.whl", hash = "sha256:28dc7e1f89440a68c1ccb937f6f0ae40fa3875de84f747262c00bc18aa25c5ec"},
    {file = "orjson-3.3.1-cp38-none-win_amd64.whl", hash = "sha256:fa4d5d734e76d9f21a94444fbf1de7eea185b355b324d38c8a7456ce63c3bbeb"},
    {file = "orjson-3.3.1-cp39-cp39-manylinux2014_aarch64.whl", hash = "sha256:b0533d6719b781db7563c478672d91faeac9ea810f30f16ebb5e917c4451b098"},
    {file = "orjson-3.3.1-cp39-cp39-manylinux2014_x86_64.whl", hash = "sha256:a7d634eb69083ca5a49baf412625604813f9e3365cb869f445c388d15fe60122"},
    {file = "orjson-3.3.1.tar.gz", hash = "sha256:149d6a2bc71514826979b9d053f3df0c2397a99e2b87213ba71605a1626d662c"},
]
pydantic = [
    {file = "pydantic-1.0-cp36-cp36m-manylinux1_i686.whl", hash = "sha256:0f35a8d780534f3db5c36fe4d516bd7a12559d6972dccbc55161a90eb20dd67a"},
    {file = "pydantic-1.0-cp36-cp36m-manylinux1_x86_64.whl", hash = "sha256:360433b2422fcb2203356a30a90f6ae45d9e613243588504509aa5d544d6f68e"},
    {file = "pydantic-1.0-cp37-cp37m-manylinux1_i686.whl", hash = "sha256:751f755efb9ab395ec7bd562f123e57a68e6164f06fc735b04ccb8df1ad5b6c8"},
    {file = "pydantic-1.0-cp37-cp37m-manylinux1_x86_64.whl", hash = "sha256:c044e589c6d8d54ad55f5e73aa8f8d61dcab038b0a6267988d68e0361ae77f0e"},
    {file = "pydantic-1.0-py36.py37.py38-none-any.whl", hash = "sha256:a1ba32e2284185260cf5d35ffe2c8cbdd2244d62e5952e69572d4a458d6d46a7"},
    {file = "pydantic-1.0.tar.gz", hash = "sha256:bf474cebe007701806f5f8b076fb8508116606e5c721734bb855bfec4185263c"},
]
pysolace = [
    {file = "pysolace-0.9.11-cp36-cp36m-manylinux1_x86_64.whl", hash = "sha256:f662ca46ee0cd7e26080e1cf3a0c96a4c7083c364686a729c46edee63bbab549"},
    {file = "pysolace-0.9.11-cp36-cp36m-manylinux2010_x86_64.whl", hash = "sha256:33518b746acc35f80d2ef2d3ece884517e74c90c8fac825337e18f4b9f6c5c17"},
    {file = "pysolace-0.9.11-cp36-cp36m-win_amd64.whl", hash = "sha256:72ba2b60471f14c7baefdbb9d2d02e631d9a1ad06d75f3e66e26b96688e9d1cc"},
    {file = "pysolace-0.9.11-cp37-cp37m-manylinux1_x86_64.whl", hash = "sha256:ed83af5e7c29929e0e709d03370dc582b09c0a9a6b2c523014ce098e1e4cb253"},
    {file = "pysolace-0.9.11-cp37-cp37m-manylinux2010_x86_64.whl", hash = "sha256:c7d0bc6c822ac0d0acdf9bd36922b9f1b92b0c03bd6294c5531cdd0fb3abd412"},
    {file = "pysolace-0.9.11-cp37-cp37m-win_amd64.whl", hash = "sha256:80e40934f78ab906de694e0f8c3d042f41e771273e5b80850b2faa91209ac327"},
    {file = "pysolace-0.9.11-cp38-cp38-manylinux1_x86_64.whl", hash = "sha256:26920fe6bd6bc1014c39e8663fbcc7572c2e54c81661d1de89cb9b881472982d"},
    {file = "pysolace-0.9.11-cp38-cp38-manylinux2010_x86_64.whl", hash = "sha256:8bf7893016d75366b6e4e3b58f41686cae66738457e97378c5b53705e684163d"},
    {file = "pysolace-0.9.11-cp38-cp38-win_amd64.whl", hash = "sha256:6a6b113458459c444cac16f0b883541e0794b5cbbbdd6f7eddad6b08f717493b"},
]
python-dotenv = [
    {file = "python-dotenv-0.19.1.tar.gz", hash = "sha256:14f8185cc8d494662683e6914addcb7e95374771e707601dfc70166946b4c4b8"},
    {file = "python_dotenv-0.19.1-py2.py3-none-any.whl", hash = "sha256:bbd3da593fc49c249397cbfbcc449cf36cb02e75afc8157fcc6a81df6fb7750a"},
]
redis = [
    {file = "redis-3.5.3-py2.py3-none-any.whl", hash = "sha256:432b788c4530cfe16d8d943a09d40ca6c16149727e4afe8c2c9d5580c59d9f24"},
    {file = "redis-3.5.3.tar.gz", hash = "sha256:0e7e0cfca8660dea8b7d5cd8c4f6c5e29e11f31158c0b0ae91a397f00e5a05a2"},
]
requests = [
    {file = "requests-2.22.0-py2.py3-none-any.whl", hash = "sha256:9cf5292fcd0f598c671cfc1e0d7d1a7f13bb8085e9a590f48c010551dc6c4b31"},
    {file = "requests-2.22.0.tar.gz", hash = "sha256:11e007a8a2aa0323f5a921e9e6a2d7e4e67d9877e85773fba9ba6419025cbeb4"},
]
sentry-sdk = [
    {file = "sentry-sdk-0.14.1.tar.gz", hash = "sha256:e023da07cfbead3868e1e2ba994160517885a32dfd994fc455b118e37989479b"},
    {file = "sentry_sdk-0.14.1-py2.py3-none-any.whl", hash = "sha256:b06dd27391fd11fb32f84fe054e6a64736c469514a718a99fb5ce1dff95d6b28"},
]
shioaji = [
    {file = "shioaji-0.3.3.dev4-cp36-cp36m-manylinux1_x86_64.whl", hash = "sha256:070007d7a77c392d3cbd2a426d47a25651fca8a54499c313c7dfbb851b837cbc"},
    {file = "shioaji-0.3.3.dev4-cp36-cp36m-manylinux2010_x86_64.whl", hash = "sha256:24a387a3182fc3b220944cd215101e8519363f5d545f863c2b448db876cf64ad"},
    {file = "shioaji-0.3.3.dev4-cp36-cp36m-win_amd64.whl", hash = "sha256:dc1322fe9d856ba6598500355991e659c38b7cc55a0acf48003e86778ea7cc63"},
    {file = "shioaji-0.3.3.dev4-cp37-cp37m-manylinux1_x86_64.whl", hash = "sha256:5a6d338c5e4c6a372bd7014b9fe4fff074044d4daf3459ea3c5f236ced31503c"},
    {file = "shioaji-0.3.3.dev4-cp37-cp37m-manylinux2010_x86_64.whl", hash = "sha256:4f625272ea3c966224b43db9ed5484e15004d7315b2a106abc1a8e6821a0df59"},
    {file = "shioaji-0.3.3.dev4-cp37-cp37m-win_amd64.whl", hash = "sha256:6c9c831a69cd6ac626b43832b0bb9fa99e0e8bbca309fb56c6218c2181d3f32c"},
    {file = "shioaji-0.3.3.dev4-cp38-cp38-manylinux1_x86_64.whl", hash = "sha256:fa030d4cf4799bb54ab4bc88f8ce5884466c54879520d0daf5ccc81632e61c14"},
    {file = "shioaji-0.3.3.dev4-cp38-cp38-manylinux2010_x86_64.whl", hash = "sha256:23e1e1777c3206cdfa7baeaf3c4b8effe78f80aeded6e0aa451b5cd4836efe39"},
    {file = "shioaji-0.3.3.dev4-cp38-cp38-win_amd64.whl", hash = "sha256:a742cc5173e27a56b574d762834bec8b793fcc46764ce04e2904ab48fc454f59"},
]
typing-extensions = [
    {file = "typing_extensions-3.10.0.2-py2-none-any.whl", hash = "sha256:d8226d10bc02a29bcc81df19a26e56a9647f8b0a6d4a83924139f4a8b01f17b7"},
    {file = "typing_extensions-3.10.0.2-py3-none-any.whl", hash = "sha256:f1d25edafde516b146ecd0613dabcc61409817af4766fbbcfb8d1ad4ec441a34"},
    {file = "typing_extensions-3.10.0.2.tar.gz", hash = "sha256:49f75d16ff11f1cd258e1b988ccff82a3ca5570217d7ad8c5f48205dd99a677e"},
]
ujson = [
    {file = "ujson-4.2.0-cp310-cp310-macosx_10_14_x86_64.whl", hash = "sha256:02f5a6acc5aa5b054c32bdccd17064c2cbd07c81b3a49449589a4552888f1961"},
    {file = "ujson-4.2.0-cp310-cp310-manylinux_2_17_aarch64.manylinux2014_aarch64.whl", hash = "sha256:e7c8cffd9e45248569fa576d19b043951a3edc67cbee3dca2a6b77e6998cb1ec"},
    {file = "ujson-4.2.0-cp310-cp310-manylinux_2_17_x86_64.manylinux2014_x86_64.whl", hash = "sha256:d0abc1526d32ebe2f2b6fefcf82b9ee8661da3f45ecac087beee6aeaa21b39ec"},
    {file = "ujson-4.2.0-cp310-cp310-manylinux_2_5_i686.manylinux1_i686.manylinux_2_17_i686.manylinux2014_i686.whl", hash = "sha256:26ebe3ac1e0d18d58e11dbf7cdd0459adcefd5c025ede99be7fceae47bd1bfc6"},
    {file = "ujson-4.2.0-cp310-cp310-musllinux_1_1_aarch64.whl", hash = "sha256:6e8c30186eaa4f982b9b56cad30b173b71aac9d6a393d97cbcbc4ca805e87943"},
    {file = "ujson-4.2.0-cp310-cp310-musllinux_1_1_x86_64.whl", hash = "sha256:0db1acd8dbbf120095ce4ab118585219066ea2860332df2385a435c585036cae"},
    {file = "ujson-4.2.0-cp310-cp310-win32.whl", hash = "sha256:68088596e237dcda862c1760d1feb2236a8cc36804507a9fcfaa3ed21442ff64"},
    {file = "ujson-4.2.0-cp310-cp310-win_amd64.whl", hash = "sha256:dd98d659365fb9271d9f9ba21160670ddfecb93deaec8a5350519a0ab3604654"},
    {file = "ujson-4.2.0-cp36-cp36m-macosx_10_14_x86_64.whl", hash = "sha256:42f8def3e44d880774f644b53b4701a46889a9506e3fdc191c314c9e2e9b2a38"},
    {file = "ujson-4.2.0-cp36-cp36m-manylinux_2_17_aarch64.manylinux2014_aarch64.whl", hash = "sha256:bc9e2e6933ecec17a7d351116f555caee84b798076a4c5276ab1e8654c83bd90"},
    {file = "ujson-4.2.0-cp36-cp36m-manylinux_2_17_x86_64.manylinux2014_x86_64.whl", hash = "sha256:adca402a97b8388c378d92c55b2bf4e8402baa5dfa059a85870a41e2f142a0d0"},
    {file = "ujson-4.2.0-cp36-cp36m-manylinux_2_5_i686.manylinux1_i686.manylinux_2_17_i686.manylinux2014_i686.whl", hash = "sha256:0076de81aadc287f025525969bbc1272703be92933e988e5663a76ec5863628f"},
    {file = "ujson-4.2.0-cp36-cp36m-musllinux_1_1_aarch64.whl", hash = "sha256:ff0ae4b1dc70c3362b04f4127e228b17e84946de611f85b32f565b990762deaf"},
    {file = "ujson-4.2.0-cp36-cp36m-musllinux_1_1_x86_64.whl", hash = "sha256:40235c3704ac7f29b24a7a785f856e1c45a567c8cd4b57a025f516733e358972"},
    {file = "ujson-4.2.0-cp36-cp36m-win32.whl", hash = "sha256:32f4340c8d6a34e7fa1f9447919ebd4b6256afef0965868d51ea3cdf0694a8f7"},
    {file = "ujson-4.2.0-cp36-cp36m-win_amd64.whl", hash = "sha256:bac42d0131740b6f1d2b6a15f770c1fef0db97d05aba8564f3c75bb59a9c91c7"},
    {file = "ujson-4.2.0-cp37-cp37m-macosx_10_14_x86_64.whl", hash = "sha256:0ebc82847938e417092fd463e593da39a280fd12585b998e435a2a45bb7a33f7"},
    {file = "ujson-4.2.0-cp37-cp37m-manylinux_2_17_aarch64.manylinux2014_aarch64.whl", hash = "sha256:6bccfff9910fbe3dae6a17ec080c48fca0bfe939b18e4b2622122109d4d2570d"},
    {file = "ujson-4.2.0-cp37-cp37m-manylinux_2_17_x86_64.manylinux2014_x86_64.whl", hash = "sha256:8ec19982b7a40fb526b8ffd6edfff2c5c10556a54416d554c4bc83b1e4140a4c"},
    {file = "ujson-4.2.0-cp37-cp37m-manylinux_2_5_i686.manylinux1_i686.manylinux_2_17_i686.manylinux2014_i686.whl", hash = "sha256:3697cae44a92c2264cf307d4cdd9ea436faa75a009d35a4097362a6bbf221a1b"},
    {file = "ujson-4.2.0-cp37-cp37m-musllinux_1_1_aarch64.whl", hash = "sha256:b55dde52028f3c426197b9a928618fbb2b548172eb45824ddb19cdcdf8e493f9"},
    {file = "ujson-4.2.0-cp37-cp37m-musllinux_1_1_x86_64.whl", hash = "sha256:d9a0252da73d8b69de60811252cbfde215d76ee6eea935a519e223353352026c"},
    {file = "ujson-4.2.0-cp37-cp37m-win32.whl", hash = "sha256:a6e27ff0f92c719de004b806d84f471fff0157679e57517092b8f89345eb3a79"},
    {file = "ujson-4.2.0-cp37-cp37m-win_amd64.whl", hash = "sha256:50f413177206373b3568dff28c091b2d8c9145e5e54b0a524d3823293d7a29b8"},
    {file = "ujson-4.2.0-cp38-cp38-macosx_10_14_x86_64.whl", hash = "sha256:944dfdfae0cb4e4274a23e5070be913f7ff8f05666d8d143f2356cf873f9a77a"},
    {file = "ujson-4.2.0-cp38-cp38-manylinux_2_17_aarch64.manylinux2014_aarch64.whl", hash = "sha256:50ddff58727cc4f90ade4c818884c4f0fbeeb1f78f764ab2b2bc89cf1f4db126"},
    {file = "ujson-4.2.0-cp38-cp38-manylinux_2_17_x86_64.manylinux2014_x86_64.whl", hash = "sha256:78f8da27231b20d589319f743bd65011862691c102922be85c9f27e40656a0f7"},
    {file = "ujson-4.2.0-cp38-cp38-manylinux_2_5_i686.manylinux1_i686.manylinux_2_17_i686.manylinux2014_i686.whl", hash = "sha256:99322e08e53580867c9909637747343354b7028a8208dc5df3d09233c8f52c30"},
    {file = "ujson-4.2.0-cp38-cp38-musllinux_1_1_aarch64.whl", hash = "sha256:5f863b12d27867b733d380a9878fc8c3ad11d3aea8a3650c33e7a8c2a888e1eb"},
    {file = "ujson-4.2.0-cp38-cp38-musllinux_1_1_x86_64.whl", hash = "sha256:c53653a12f6ce67b12e7806c190cce1db09c75de31212a5a9adbdbd7a2aba116"},
    {file = "ujson-4.2.0-cp38-cp38-win32.whl", hash = "sha256:c9723a5e2743ded9bc6106cb04f86244dd779ad847d8ac189cfe808ab16946c1"},
    {file = "ujson-4.2.0-cp38-cp38-win_amd64.whl", hash = "sha256:fae1e251d9f9362ebc4adbbb252d0f4a023f66f180390624826fcb1812b808e9"},
    {file = "ujson-4.2.0-cp39-cp39-macosx_10_14_x86_64.whl", hash = "sha256:ab70a29914fc202f7c8f6353bb0622b91f878e2892e57a4c7293b341d5a85133"},
    {file = "ujson-4.2.0-cp39-cp39-manylinux_2_17_aarch64.manylinux2014_aarch64.whl", hash = "sha256:cf272e6302c62a42ed0125efcc1d891dd909bcfb3c6aa075d89de209b2b8e930"},
    {file = "ujson-4.2.0-cp39-cp39-manylinux_2_17_x86_64.manylinux2014_x86_64.whl", hash = "sha256:6182898d7031d083017f9be47c6d57f9c2155d9f4391b77ed6c020cab8e5a471"},
    {file = "ujson-4.2.0-cp39-cp39-manylinux_2_5_i686.manylinux1_i686.manylinux_2_17_i686.manylinux2014_i686.whl", hash = "sha256:5a885675252e041e19cb92ff76419251fdd1ab4c2ca9766cb3ecfa6ae07884d2"},
    {file = "ujson-4.2.0-cp39-cp39-musllinux_1_1_aarch64.whl", hash = "sha256:535f1e5b336f7a0573da59bd9352e9cc6a93185bf4b1d96fb3379e07b4fc619a"},
    {file = "ujson-4.2.0-cp39-cp39-musllinux_1_1_x86_64.whl", hash = "sha256:26e299caa9bfc2e532e16de38de2af48cde48258922cda5efc0dd447d42692fc"},
    {file = "ujson-4.2.0-cp39-cp39-win32.whl", hash = "sha256:fa68b25c987b73fb1c83ece34e52856c2c6da3031384f72638696c56fa8baca9"},
    {file = "ujson-4.2.0-cp39-cp39-win_amd64.whl", hash = "sha256:c7b2643b063f33e5e0d539cf2811793a7df9da525e63483f70c9262a343bd59d"},
    {file = "ujson-4.2.0-pp37-pypy37_pp73-manylinux_2_17_aarch64.manylinux2014_aarch64.whl", hash = "sha256:0d61ae7a505105a16220a4282dbd552bef76968203e5e4f5edfdbb03d3159e3a"},
    {file = "ujson-4.2.0-pp37-pypy37_pp73-manylinux_2_17_x86_64.manylinux2014_x86_64.whl", hash = "sha256:bff484c162bd77877bc9ae6333b0a684493037ce3c5d8b664e8339becf9ad139"},
    {file = "ujson-4.2.0-pp37-pypy37_pp73-manylinux_2_5_i686.manylinux1_i686.manylinux_2_17_i686.manylinux2014_i686.whl", hash = "sha256:74961587e9c1682d3e04fe29e02b67ec9c88cb0c3406ad94cc617d04c6fa6db2"},
    {file = "ujson-4.2.0.tar.gz", hash = "sha256:fffe509f556861c7343c6cba57ed05fe7bcf4b48a934a5b946ccb45428cf8883"},
]
urllib3 = [
    {file = "urllib3-1.25.11-py2.py3-none-any.whl", hash = "sha256:f5321fbe4bf3fefa0efd0bfe7fb14e90909eb62a48ccda331726b4319897dd5e"},
    {file = "urllib3-1.25.11.tar.gz", hash = "sha256:8d7eaa5a82a1cac232164990f04874c594c9453ec55eef02eab885aa02fc17a2"},
]
uvloop = [
    {file = "uvloop-0.16.0-cp310-cp310-macosx_10_9_universal2.whl", hash = "sha256:6224f1401025b748ffecb7a6e2652b17768f30b1a6a3f7b44660e5b5b690b12d"},
    {file = "uvloop-0.16.0-cp310-cp310-macosx_10_9_x86_64.whl", hash = "sha256:30ba9dcbd0965f5c812b7c2112a1ddf60cf904c1c160f398e7eed3a6b82dcd9c"},
    {file = "uvloop-0.16.0-cp310-cp310-manylinux_2_12_x86_64.manylinux2010_x86_64.whl", hash = "sha256:bd53f7f5db562f37cd64a3af5012df8cac2c464c97e732ed556800129505bd64"},
    {file = "uvloop-0.16.0-cp310-cp310-manylinux_2_17_aarch64.manylinux2014_aarch64.whl", hash = "sha256:772206116b9b57cd625c8a88f2413df2fcfd0b496eb188b82a43bed7af2c2ec9"},
    {file = "uvloop-0.16.0-cp37-cp37m-macosx_10_9_x86_64.whl", hash = "sha256:b572256409f194521a9895aef274cea88731d14732343da3ecdb175228881638"},
    {file = "uvloop-0.16.0-cp37-cp37m-manylinux_2_12_x86_64.manylinux2010_x86_64.whl", hash = "sha256:04ff57aa137230d8cc968f03481176041ae789308b4d5079118331ab01112450"},
    {file = "uvloop-0.16.0-cp37-cp37m-manylinux_2_17_aarch64.manylinux2014_aarch64.whl", hash = "sha256:3a19828c4f15687675ea912cc28bbcb48e9bb907c801873bd1519b96b04fb805"},
    {file = "uvloop-0.16.0-cp38-cp38-macosx_10_9_universal2.whl", hash = "sha256:e814ac2c6f9daf4c36eb8e85266859f42174a4ff0d71b99405ed559257750382"},
    {file = "uvloop-0.16.0-cp38-cp38-macosx_10_9_x86_64.whl", hash = "sha256:bd8f42ea1ea8f4e84d265769089964ddda95eb2bb38b5cbe26712b0616c3edee"},
    {file = "uvloop-0.16.0-cp38-cp38-manylinux_2_12_x86_64.manylinux2010_x86_64.whl", hash = "sha256:647e481940379eebd314c00440314c81ea547aa636056f554d491e40503c8464"},
    {file = "uvloop-0.16.0-cp38-cp38-manylinux_2_17_aarch64.manylinux2014_aarch64.whl", hash = "sha256:8e0d26fa5875d43ddbb0d9d79a447d2ace4180d9e3239788208527c4784f7cab"},
    {file = "uvloop-0.16.0-cp39-cp39-macosx_10_9_universal2.whl", hash = "sha256:6ccd57ae8db17d677e9e06192e9c9ec4bd2066b77790f9aa7dede2cc4008ee8f"},
    {file = "uvloop-0.16.0-cp39-cp39-macosx_10_9_x86_64.whl", hash = "sha256:089b4834fd299d82d83a25e3335372f12117a7d38525217c2258e9b9f4578897"},
    {file = "uvloop-0.16.0-cp39-cp39-manylinux_2_12_x86_64.manylinux2010_x86_64.whl", hash = "sha256:98d117332cc9e5ea8dfdc2b28b0a23f60370d02e1395f88f40d1effd2cb86c4f"},
    {file = "uvloop-0.16.0-cp39-cp39-manylinux_2_17_aarch64.manylinux2014_aarch64.whl", hash = "sha256:1e5f2e2ff51aefe6c19ee98af12b4ae61f5be456cd24396953244a30880ad861"},
    {file = "uvloop-0.16.0.tar.gz", hash = "sha256:f74bc20c7b67d1c27c72601c78cf95be99d5c2cdd4514502b4f3eb0933ff1228"},
]
websockets = [
    {file = "websockets-10.0-cp37-cp37m-macosx_10_9_x86_64.whl", hash = "sha256:cd8c6f2ec24aedace251017bc7a414525171d4e6578f914acab9349362def4da"},
    {file = "websockets-10.0-cp37-cp37m-manylinux1_i686.whl", hash = "sha256:1f6b814cff6aadc4288297cb3a248614829c6e4ff5556593c44a115e9dd49939"},
    {file = "websockets-10.0-cp37-cp37m-manylinux1_x86_64.whl", hash = "sha256:01db0ecd1a0ca6702d02a5ed40413e18b7d22f94afb3bbe0d323bac86c42c1c8"},
    {file = "websockets-10.0-cp37-cp37m-manylinux2010_i686.whl", hash = "sha256:82b17524b1ce6ae7f7dd93e4d18e9b9474071e28b65dbf1dfe9b5767778db379"},
    {file = "websockets-10.0-cp37-cp37m-manylinux2010_x86_64.whl", hash = "sha256:8bbf8660c3f833ddc8b1afab90213f2e672a9ddac6eecb3cde968e6b2807c1c7"},
    {file = "websockets-10.0-cp37-cp37m-manylinux2014_aarch64.whl", hash = "sha256:b8176deb6be540a46695960a765a77c28ac8b2e3ef2ec95d50a4f5df901edb1c"},
    {file = "websockets-10.0-cp37-cp37m-win32.whl", hash = "sha256:706e200fc7f03bed99ad0574cd1ea8b0951477dd18cc978ccb190683c69dba76"},
    {file = "websockets-10.0-cp37-cp37m-win_amd64.whl", hash = "sha256:5b2600e01c7ca6f840c42c747ffbe0254f319594ed108db847eb3d75f4aacb80"},
    {file = "websockets-10.0-cp38-cp38-macosx_10_9_x86_64.whl", hash = "sha256:085bb8a6e780d30eaa1ba48ac7f3a6707f925edea787cfb761ce5a39e77ac09b"},
    {file = "websockets-10.0-cp38-cp38-manylinux1_i686.whl", hash = "sha256:9a4d889162bd48588e80950e07fa5e039eee9deb76a58092e8c3ece96d7ef537"},
    {file = "websockets-10.0-cp38-cp38-manylinux1_x86_64.whl", hash = "sha256:b4ade7569b6fd17912452f9c3757d96f8e4044016b6d22b3b8391e641ca50456"},
    {file = "websockets-10.0-cp38-cp38-manylinux2010_i686.whl", hash = "sha256:2a43072e434c041a99f2e1eb9b692df0232a38c37c61d00e9f24db79474329e4"},
    {file = "websockets-10.0-cp38-cp38-manylinux2010_x86_64.whl", hash = "sha256:7f79f02c7f9a8320aff7d3321cd1c7e3a7dbc15d922ac996cca827301ee75238"},
    {file = "websockets-10.0-cp38-cp38-manylinux2014_aarch64.whl", hash = "sha256:1ac35426fe3e7d3d0fac3d63c8965c76ed67a8fd713937be072bf0ce22808539"},
    {file = "websockets-10.0-cp38-cp38-win32.whl", hash = "sha256:ff59c6bdb87b31f7e2d596f09353d5a38c8c8ff571b0e2238e8ee2d55ad68465"},
    {file = "websockets-10.0-cp38-cp38-win_amd64.whl", hash = "sha256:d67646ddd17a86117ae21c27005d83c1895c0cef5d7be548b7549646372f868a"},
    {file = "websockets-10.0-cp39-cp39-macosx_10_9_x86_64.whl", hash = "sha256:82bd921885231f4a30d9bc550552495b3fc36b1235add6d374e7c65c3babd805"},
    {file = "websockets-10.0-cp39-cp39-manylinux1_i686.whl", hash = "sha256:7d2e12e4f901f1bc062dfdf91831712c4106ed18a9a4cdb65e2e5f502124ca37"},
    {file = "websockets-10.0-cp39-cp39-manylinux1_x86_64.whl", hash = "sha256:71358c7816e2762f3e4af3adf0040f268e219f5a38cb3487a9d0fc2e554fef6a"},
    {file = "websockets-10.0-cp39-cp39-manylinux2010_i686.whl", hash = "sha256:fe83b3ec9ef34063d86dfe1029160a85f24a5a94271036e5714a57acfdd089a1"},
    {file = "websockets-10.0-cp39-cp39-manylinux2010_x86_64.whl", hash = "sha256:eb282127e9c136f860c6068a4fba5756eb25e755baffb5940b6f1eae071928b2"},
    {file = "websockets-10.0-cp39-cp39-manylinux2014_aarch64.whl", hash = "sha256:62160772314920397f9d219147f958b33fa27a12c662d4455c9ccbba9a07e474"},
    {file = "websockets-10.0-cp39-cp39-win32.whl", hash = "sha256:e42a1f1e03437b017af341e9bbfdc09252cd48ef32a8c3c3ead769eab3b17368"},
    {file = "websockets-10.0-cp39-cp39-win_amd64.whl", hash = "sha256:c5880442f5fc268f1ef6d37b2c152c114deccca73f48e3a8c48004d2f16f4567"},
    {file = "websockets-10.0.tar.gz", hash = "sha256:c4fc9a1d242317892590abe5b61a9127f1a61740477bfb121743f290b8054002"},
]
win32-setctime = [
    {file = "win32_setctime-1.0.3-py3-none-any.whl", hash = "sha256:dc925662de0a6eb987f0b01f599c01a8236cb8c62831c22d9cada09ad958243e"},
    {file = "win32_setctime-1.0.3.tar.gz", hash = "sha256:4e88556c32fdf47f64165a2180ba4552f8bb32c1103a2fafd05723a0bd42bd4b"},
]
xxhash = [
    {file = "xxhash-2.0.0-cp27-cp27m-macosx_10_6_intel.whl", hash = "sha256:df8d1ebdef86bd5d772d81c91d5d111a5ee8e4b68b8fc6b6edfa5aa825dd2a3d"},
    {file = "xxhash-2.0.0-cp27-cp27m-manylinux1_i686.whl", hash = "sha256:f01c59f5bad2e46bb4235b71b36c56be353f08b6d514a3bd0deb9bf56e4b180a"},
    {file = "xxhash-2.0.0-cp27-cp27m-manylinux1_x86_64.whl", hash = "sha256:cb4feeb8881eb89b9ddd0fae797deb078ebdaad6b1ae6c185b9993d241ed365a"},
    {file = "xxhash-2.0.0-cp27-cp27m-manylinux2010_i686.whl", hash = "sha256:2912d7810bcf7e39b3929fb186fe46ff83b1bd4a3d6b7eba956d57fa1516ac0c"},
    {file = "xxhash-2.0.0-cp27-cp27m-manylinux2010_x86_64.whl", hash = "sha256:48b99c55fc643b32f5efca9c35fcaac6ea553958cf503e202c10eb62718e7a0e"},
    {file = "xxhash-2.0.0-cp27-cp27m-win32.whl", hash = "sha256:3221f1a5bc2ee1f150b84a0c4c7cddc7724aaa01460f3353cf63fd667d89f593"},
    {file = "xxhash-2.0.0-cp27-cp27m-win_amd64.whl", hash = "sha256:cba4b6d174b524623ac8b64bda734601d574f95033f87ddf9c495c69a70135e8"},
    {file = "xxhash-2.0.0-cp27-cp27mu-manylinux1_i686.whl", hash = "sha256:b94f13f4f946500f3cc78f11da4ec4b340bd92c5200b5fe4e6aeac96064aa1fd"},
    {file = "xxhash-2.0.0-cp27-cp27mu-manylinux1_x86_64.whl", hash = "sha256:635b1d7fa85d215112f41d089bd113ac139f6a42769fcc49c73e779904160f7f"},
    {file = "xxhash-2.0.0-cp27-cp27mu-manylinux2010_i686.whl", hash = "sha256:0f5f1b9ae8e2cf2ff606018769f7e46147df70291312f64e1b80d10482ca8c0b"},
    {file = "xxhash-2.0.0-cp27-cp27mu-manylinux2010_x86_64.whl", hash = "sha256:8f90deec6567a38e1da29feff36973468691e309b2db8235e64936e61df77c43"},
    {file = "xxhash-2.0.0-cp35-cp35m-macosx_10_6_intel.whl", hash = "sha256:8b7e930a60dfe7380e52466aa27941290dd575a5750c622158c86941797eaa1b"},
    {file = "xxhash-2.0.0-cp35-cp35m-manylinux1_i686.whl", hash = "sha256:44b26872fd63f1eaf1ab527817aebbd455a3fdcbd56ff6df74fd42a6a137cff4"},
    {file = "xxhash-2.0.0-cp35-cp35m-manylinux1_x86_64.whl", hash = "sha256:3d25b540148f1ebf4852e4115f3f4819b585ecd36f121a1f388e8966d69d3a1c"},
    {file = "xxhash-2.0.0-cp35-cp35m-manylinux2010_i686.whl", hash = "sha256:bcd1e9f3ba8df23edefe1d0a886f16b4e27602acbd8575b39540fea26e1aa6d2"},
    {file = "xxhash-2.0.0-cp35-cp35m-manylinux2010_x86_64.whl", hash = "sha256:fc03a399205268815742125b17d967afa9f23b08cdafe185e41368cf7ba9b278"},
    {file = "xxhash-2.0.0-cp35-cp35m-manylinux2014_aarch64.whl", hash = "sha256:bdbc195231c87d63b0503785d9c5264f4275a92da41d9f28fdf08fb321453356"},
    {file = "xxhash-2.0.0-cp35-cp35m-win32.whl", hash = "sha256:7291392bdb1d38c44557dfd3fcd4fd04c363a696dbfa7e6592700a31e4ff6657"},
    {file = "xxhash-2.0.0-cp35-cp35m-win_amd64.whl", hash = "sha256:e0fc170c3a00ca008d992c2e6324da3f1467b30044b5835d2feb27870645d38c"},
    {file = "xxhash-2.0.0-cp36-cp36m-macosx_10_6_intel.whl", hash = "sha256:5b3c0c84187556d463626ceed85f0d735a5b8ea1678da3e858d3934f38f23915"},
    {file = "xxhash-2.0.0-cp36-cp36m-manylinux1_i686.whl", hash = "sha256:2f0ca6673fcbae988389576a779c00a62a28718a18ddc7b2e5b32d7fb30c6f98"},
    {file = "xxhash-2.0.0-cp36-cp36m-manylinux1_x86_64.whl", hash = "sha256:d1859d54837af16ae2a7975477e619793ac698a374d909f533e317c3b384b223"},
    {file = "xxhash-2.0.0-cp36-cp36m-manylinux2010_i686.whl", hash = "sha256:9d0311fcd78dabe04ab3b4034659628b00ac220e77e37648f73aebbf4cb13680"},
    {file = "xxhash-2.0.0-cp36-cp36m-manylinux2010_x86_64.whl", hash = "sha256:0ecea927fd3df8f3f3a1d6e5bc85838eb44a69ea2f4c9263dfd0f68c4e17e483"},
    {file = "xxhash-2.0.0-cp36-cp36m-manylinux2014_aarch64.whl", hash = "sha256:4167f22b037e128820f7642ecc1fbf1b4b4956346093a2e75081bee82b9cfb7e"},
    {file = "xxhash-2.0.0-cp36-cp36m-win32.whl", hash = "sha256:85c5de6c56335b75beef2cba713f95a1b62422be5e27dad30b5083419c6839c4"},
    {file = "xxhash-2.0.0-cp36-cp36m-win_amd64.whl", hash = "sha256:ade1c356acd0b0454a3d3cf42442afe7ad0f46fc944ea1e84720b3858bfdb772"},
    {file = "xxhash-2.0.0-cp37-cp37m-macosx_10_6_intel.whl", hash = "sha256:fca7d0fb6fde33d1ac5f97298f44e711e5fe1b4587832864be8c6545cb072a54"},
    {file = "xxhash-2.0.0-cp37-cp37m-manylinux1_i686.whl", hash = "sha256:e296b0dee072a54c40c04f09ca35bb9902bb74b54f0fffeafabfc937b3ec85f9"},
    {file = "xxhash-2.0.0-cp37-cp37m-manylinux1_x86_64.whl", hash = "sha256:02476c5cef803cfd1350662b1e543e47ad64bd5f7f792033d94d590f9674da11"},
    {file = "xxhash-2.0.0-cp37-cp37m-manylinux2010_i686.whl", hash = "sha256:28c1f0bb6dadc11162d1f2e203d7a12d38b511b87fbb5ffa729594fd456f48e6"},
    {file = "xxhash-2.0.0-cp37-cp37m-manylinux2010_x86_64.whl", hash = "sha256:922ae5b1efa1f9a9cc959f7197113a623ad110853622e990433242a9d8d00d5c"},
    {file = "xxhash-2.0.0-cp37-cp37m-manylinux2014_aarch64.whl", hash = "sha256:7709bc8a5e30c74b07203553f33232531e7739458f72204908cedb08a00bd546"},
    {file = "xxhash-2.0.0-cp37-cp37m-win32.whl", hash = "sha256:fb3c9760598009b1d8bbe57785e278aeb956efb7372d8f9b0bb43cd46f420dff"},
    {file = "xxhash-2.0.0-cp37-cp37m-win_amd64.whl", hash = "sha256:3f29f6d455388cc415fe52c0f63f442aaea674cee35a2252d8d4dc8d640938c6"},
    {file = "xxhash-2.0.0-cp38-cp38-macosx_10_9_x86_64.whl", hash = "sha256:bf360465dc3d24b1501b799c85815c82ddcfc0ffbcba0232968f3a7cd64306fc"},
    {file = "xxhash-2.0.0-cp38-cp38-manylinux1_i686.whl", hash = "sha256:5d2edbb50025a67f061d09d381c54c7d0948c1572f6c9bd15ee238a303d368d9"},
    {file = "xxhash-2.0.0-cp38-cp38-manylinux1_x86_64.whl", hash = "sha256:7943ede91d8aedfcacb7178b2d881b7498145590206ff61c3e84dc66e6a51d6a"},
    {file = "xxhash-2.0.0-cp38-cp38-manylinux2010_i686.whl", hash = "sha256:b5c2edb8b0a2acc5bdac984b3177711f206463b970aa03087221771c2b0d8f1d"},
    {file = "xxhash-2.0.0-cp38-cp38-manylinux2010_x86_64.whl", hash = "sha256:16e4b7d508bb49b6fc84bf077f2f7f51263b5618cc61f33a64ed43786ec2c6cf"},
    {file = "xxhash-2.0.0-cp38-cp38-manylinux2014_aarch64.whl", hash = "sha256:80903d4ce7337921bbc8e5ac695b45691b43c0a00b21964c76e19ea21b9108ea"},
    {file = "xxhash-2.0.0-cp38-cp38-win32.whl", hash = "sha256:e37b25182e969212d5aec60a8da7d1e6a960dbffdb9ba4c63e2240de3605c184"},
    {file = "xxhash-2.0.0-cp38-cp38-win_amd64.whl", hash = "sha256:fabee25186b6649bbf6ff258f23941339902374786f8317b0422144ddaa505df"},
    {file = "xxhash-2.0.0-pp27-pypy_73-manylinux1_x86_64.whl", hash = "sha256:be93004b832717234a7d2f47dc555428ab1e8712f99cad7d212cebe0e27d3d48"},
    {file = "xxhash-2.0.0-pp27-pypy_73-manylinux2010_x86_64.whl", hash = "sha256:1b86f49b36c25ebdbd1b5539d428a37d9051ad49eb576a3edd964a8770bc8f3a"},
    {file = "xxhash-2.0.0-pp27-pypy_73-win32.whl", hash = "sha256:bde4d39997de901d0a66ebd631b34f9cf106676fec0878f36b7baf630cb3965a"},
    {file = "xxhash-2.0.0-pp36-pypy36_pp73-manylinux1_x86_64.whl", hash = "sha256:99b5412a3eddb1aa9aaf36cdbf93be4eca99ad83ff8c692672fdeedc7fb597de"},
    {file = "xxhash-2.0.0-pp36-pypy36_pp73-manylinux2010_x86_64.whl", hash = "sha256:33c4832e689f429539d70baf69162b41dfbabc7f31ca542b5b772cb8a55e7a79"},
    {file = "xxhash-2.0.0-pp36-pypy36_pp73-win32.whl", hash = "sha256:82034c9ed54db20f051133cba01de959b5208fe2900e67ebb4c9631f1fd523fd"},
    {file = "xxhash-2.0.0.tar.gz", hash = "sha256:58ca818554c1476fa1456f6cd4b87002e2294f09baf0f81e5a2a4968e62c423c"},
]
zipp = [
    {file = "zipp-3.6.0-py3-none-any.whl", hash = "sha256:9fe5ea21568a0a70e50f273397638d39b03353731e6cbbb3fd8502a33fec40bc"},
    {file = "zipp-3.6.0.tar.gz", hash = "sha256:71c644c5369f4a6e07636f0aa966270449561fcea2e3d6747b8d23efaa9d7832"},
]
