[[package]]
name = "aioredis"
version = "2.0.0"
description = "asyncio (PEP 3156) Redis support"
category = "main"
optional = false
python-versions = ">=3.6"

[package.dependencies]
async-timeout = "*"
typing-extensions = "*"

[package.extras]
hiredis = ["hiredis (>=1.0)"]

[[package]]
name = "async-timeout"
version = "4.0.2"
description = "Timeout context manager for asyncio programs"
category = "main"
optional = false
python-versions = ">=3.6"

[package.dependencies]
typing-extensions = {version = ">=3.6.5", markers = "python_version < \"3.8\""}

[[package]]
name = "certifi"
version = "2021.10.8"
description = "Python package for providing Mozilla's CA Bundle."
category = "main"
optional = false
python-versions = "*"

[[package]]
name = "chardet"
version = "3.0.4"
description = "Universal encoding detector for Python 2 and 3"
category = "main"
optional = false
python-versions = "*"

[[package]]
name = "colorama"
version = "0.4.4"
description = "Cross-platform colored terminal text."
category = "main"
optional = false
python-versions = ">=2.7, !=3.0.*, !=3.1.*, !=3.2.*, !=3.3.*, !=3.4.*"

[[package]]
name = "gmqtt"
version = "0.6.11"
description = "Client for MQTT protocol"
category = "main"
optional = false
python-versions = ">=3.5"

[package.extras]
test = ["atomicwrites (>=1.3.0)", "attrs (>=19.1.0)", "codecov (>=2.0.15)", "coverage (>=4.5.3)", "more-itertools (>=7.0.0)", "pluggy (>=0.11.0)", "py (>=1.8.0)", "pytest-asyncio (>=0.12.0)", "pytest-cov (>=2.7.1)", "pytest (>=5.4.0)", "six (>=1.12.0)", "uvloop (>=0.14.0)"]

[[package]]
name = "idna"
version = "2.8"
description = "Internationalized Domain Names in Applications (IDNA)"
category = "main"
optional = false
python-versions = ">=2.7, !=3.0.*, !=3.1.*, !=3.2.*, !=3.3.*"

[[package]]
name = "importlib-metadata"
version = "1.6.0"
description = "Read metadata from Python packages"
category = "main"
optional = false
python-versions = "!=3.0.*,!=3.1.*,!=3.2.*,!=3.3.*,!=3.4.*,>=2.7"

[package.dependencies]
zipp = ">=0.5"

[package.extras]
docs = ["sphinx", "rst.linker"]
testing = ["packaging", "importlib-resources"]

[[package]]
name = "loguru"
version = "0.4.1"
description = "Python logging made (stupidly) simple"
category = "main"
optional = false
python-versions = ">=3.5"

[package.dependencies]
colorama = {version = ">=0.3.4", markers = "sys_platform == \"win32\""}
win32-setctime = {version = ">=1.0.0", markers = "sys_platform == \"win32\""}

[package.extras]
dev = ["codecov (>=2.0.15)", "colorama (>=0.3.4)", "flake8 (>=3.7.7)", "isort (>=4.3.20)", "tox (>=3.9.0)", "tox-travis (>=0.12)", "pytest (>=4.6.2)", "pytest-cov (>=2.7.1)", "Sphinx (>=2.2.1)", "sphinx-autobuild (>=0.7.1)", "sphinx-rtd-theme (>=0.4.3)", "black (>=19.3b0)"]

[[package]]
name = "msgpack"
version = "1.0.3"
description = "MessagePack (de)serializer."
category = "main"
optional = false
python-versions = "*"

[[package]]
name = "orjson"
version = "3.3.1"
description = "Fast, correct Python JSON library supporting dataclasses, datetimes, and numpy"
category = "main"
optional = false
python-versions = ">=3.6"

[[package]]
name = "pydantic"
version = "1.0"
description = "Data validation and settings management using python 3.6 type hinting"
category = "main"
optional = false
python-versions = ">=3.6"

[package.extras]
email = ["email-validator (>=1.0.3)"]
typing_extensions = ["typing-extensions (>=3.7.2)"]

[[package]]
name = "pysolace"
version = "0.9.11"
description = "python solclient"
category = "main"
optional = false
python-versions = "*"

[package.dependencies]
loguru = "*"
msgpack = "*"
orjson = "3.3.1"
sentry-sdk = "*"

[package.extras]
dev = ["pybind11 (>=2.2)", "ujson", "pytest", "pytest-benchmark"]

[[package]]
name = "python-dotenv"
version = "0.19.2"
description = "Read key-value pairs from a .env file and set them as environment variables"
category = "main"
optional = false
python-versions = ">=3.5"

[package.extras]
cli = ["click (>=5.0)"]

[[package]]
name = "redis"
version = "3.5.3"
description = "Python client for Redis key-value store"
category = "main"
optional = false
python-versions = ">=2.7, !=3.0.*, !=3.1.*, !=3.2.*, !=3.3.*, !=3.4.*"

[package.extras]
hiredis = ["hiredis (>=0.1.3)"]

[[package]]
name = "requests"
version = "2.22.0"
description = "Python HTTP for Humans."
category = "main"
optional = false
python-versions = ">=2.7, !=3.0.*, !=3.1.*, !=3.2.*, !=3.3.*, !=3.4.*"

[package.dependencies]
certifi = ">=2017.4.17"
chardet = ">=3.0.2,<3.1.0"
idna = ">=2.5,<2.9"
urllib3 = ">=1.21.1,<1.25.0 || >1.25.0,<1.25.1 || >1.25.1,<1.26"

[package.extras]
security = ["pyOpenSSL (>=0.14)", "cryptography (>=1.3.4)", "idna (>=2.0.0)"]
socks = ["PySocks (>=1.5.6,!=1.5.7)", "win-inet-pton"]

[[package]]
name = "sentry-sdk"
version = "0.14.1"
description = "Python client for Sentry (https://getsentry.com)"
category = "main"
optional = false
python-versions = "*"

[package.dependencies]
certifi = "*"
urllib3 = ">=1.10.0"

[package.extras]
aiohttp = ["aiohttp (>=3.5)"]
beam = ["beam (>=2.12)"]
bottle = ["bottle (>=0.12.13)"]
celery = ["celery (>=3)"]
django = ["django (>=1.8)"]
falcon = ["falcon (>=1.4)"]
flask = ["flask (>=0.11)", "blinker (>=1.1)"]
pyspark = ["pyspark (>=2.4.4)"]
sanic = ["sanic (>=0.8)"]
sqlalchemy = ["sqlalchemy (>=1.2)"]
tornado = ["tornado (>=5)"]

[[package]]
name = "shioaji"
version = "0.3.3.dev8"
description = "Sinopac All New Trading Api."
category = "main"
optional = false
python-versions = "*"

[package.dependencies]
importlib-metadata = "1.6.0"
loguru = "0.4.1"
pydantic = "1.0.0"
pysolace = "0.9.11"
requests = "2.22.0"
sentry-sdk = "0.14.1"
xxhash = "2.0.0"

[package.extras]
speed = ["ciso8601 (>=2.1.3)"]

[[package]]
name = "typing-extensions"
version = "4.0.1"
description = "Backported and Experimental Type Hints for Python 3.6+"
category = "main"
optional = false
python-versions = ">=3.6"

[[package]]
name = "ujson"
version = "4.3.0"
description = "Ultra fast JSON encoder and decoder for Python"
category = "main"
optional = false
python-versions = ">=3.6"

[[package]]
name = "urllib3"
version = "1.25.11"
description = "HTTP library with thread-safe connection pooling, file post, and more."
category = "main"
optional = false
python-versions = ">=2.7, !=3.0.*, !=3.1.*, !=3.2.*, !=3.3.*, !=3.4.*, <4"

[package.extras]
brotli = ["brotlipy (>=0.6.0)"]
secure = ["pyOpenSSL (>=0.14)", "cryptography (>=1.3.4)", "idna (>=2.0.0)", "certifi", "ipaddress"]
socks = ["PySocks (>=1.5.6,!=1.5.7,<2.0)"]

[[package]]
name = "uvloop"
version = "0.16.0"
description = "Fast implementation of asyncio event loop on top of libuv"
category = "main"
optional = false
python-versions = ">=3.7"

[package.extras]
dev = ["Cython (>=0.29.24,<0.30.0)", "pytest (>=3.6.0)", "Sphinx (>=4.1.2,<4.2.0)", "sphinxcontrib-asyncio (>=0.3.0,<0.4.0)", "sphinx-rtd-theme (>=0.5.2,<0.6.0)", "aiohttp", "flake8 (>=3.9.2,<3.10.0)", "psutil", "pycodestyle (>=2.7.0,<2.8.0)", "pyOpenSSL (>=19.0.0,<19.1.0)", "mypy (>=0.800)"]
docs = ["Sphinx (>=4.1.2,<4.2.0)", "sphinxcontrib-asyncio (>=0.3.0,<0.4.0)", "sphinx-rtd-theme (>=0.5.2,<0.6.0)"]
test = ["aiohttp", "flake8 (>=3.9.2,<3.10.0)", "psutil", "pycodestyle (>=2.7.0,<2.8.0)", "pyOpenSSL (>=19.0.0,<19.1.0)", "mypy (>=0.800)"]

[[package]]
name = "websockets"
version = "10.1"
description = "An implementation of the WebSocket Protocol (RFC 6455 & 7692)"
category = "main"
optional = false
python-versions = ">=3.7"

[[package]]
name = "win32-setctime"
version = "1.1.0"
description = "A small Python utility to set file creation time on Windows"
category = "main"
optional = false
python-versions = ">=3.5"

[package.extras]
dev = ["pytest (>=4.6.2)", "black (>=19.3b0)"]

[[package]]
name = "xxhash"
version = "2.0.0"
description = "Python binding for xxHash"
category = "main"
optional = false
python-versions = ">=2.6, !=3.0.*, !=3.1.*, !=3.2.*"

[[package]]
name = "zipp"
version = "3.7.0"
description = "Backport of pathlib-compatible object wrapper for zip files"
category = "main"
optional = false
python-versions = ">=3.7"

[package.extras]
docs = ["sphinx", "jaraco.packaging (>=8.2)", "rst.linker (>=1.9)"]
testing = ["pytest (>=6)", "pytest-checkdocs (>=2.4)", "pytest-flake8", "pytest-cov", "pytest-enabler (>=1.0.1)", "jaraco.itertools", "func-timeout", "pytest-black (>=0.3.7)", "pytest-mypy"]

[metadata]
lock-version = "1.1"
python-versions = "^3.7"
content-hash = "4bb42a30e94d1c2348941f4d62e27e8714b94c2b421a60459014c413787a3b1e"

[metadata.files]
aioredis = [
    {file = "aioredis-2.0.0-py3-none-any.whl", hash = "sha256:9921d68a3df5c5cdb0d5b49ad4fc88a4cfdd60c108325df4f0066e8410c55ffb"},
    {file = "aioredis-2.0.0.tar.gz", hash = "sha256:3a2de4b614e6a5f8e104238924294dc4e811aefbe17ddf52c04a93cbf06e67db"},
]
async-timeout = [
    {file = "async-timeout-4.0.2.tar.gz", hash = "sha256:2163e1640ddb52b7a8c80d0a67a08587e5d245cc9c553a74a847056bc2976b15"},
    {file = "async_timeout-4.0.2-py3-none-any.whl", hash = "sha256:8ca1e4fcf50d07413d66d1a5e416e42cfdf5851c981d679a09851a6853383b3c"},
]
certifi = [
    {file = "certifi-2021.10.8-py2.py3-none-any.whl", hash = "sha256:d62a0163eb4c2344ac042ab2bdf75399a71a2d8c7d47eac2e2ee91b9d6339569"},
    {file = "certifi-2021.10.8.tar.gz", hash = "sha256:78884e7c1d4b00ce3cea67b44566851c4343c120abd683433ce934a68ea58872"},
]
chardet = [
    {file = "chardet-3.0.4-py2.py3-none-any.whl", hash = "sha256:fc323ffcaeaed0e0a02bf4d117757b98aed530d9ed4531e3e15460124c106691"},
    {file = "chardet-3.0.4.tar.gz", hash = "sha256:84ab92ed1c4d4f16916e05906b6b75a6c0fb5db821cc65e70cbd64a3e2a5eaae"},
]
colorama = [
    {file = "colorama-0.4.4-py2.py3-none-any.whl", hash = "sha256:9f47eda37229f68eee03b24b9748937c7dc3868f906e8ba69fbcbdd3bc5dc3e2"},
    {file = "colorama-0.4.4.tar.gz", hash = "sha256:5941b2b48a20143d2267e95b1c2a7603ce057ee39fd88e7329b0c292aa16869b"},
]
gmqtt = [
    {file = "gmqtt-0.6.11-py3-none-any.whl", hash = "sha256:de728635f9fb15288e1b2da1591a091653e1ce4bc8be031f4ef4ef4da57af955"},
    {file = "gmqtt-0.6.11.tar.gz", hash = "sha256:0be6d57841538abc3ae0a41131c6d53314e0705b74876a6f94bc903df1209fb6"},
]
idna = [
    {file = "idna-2.8-py2.py3-none-any.whl", hash = "sha256:ea8b7f6188e6fa117537c3df7da9fc686d485087abf6ac197f9c46432f7e4a3c"},
    {file = "idna-2.8.tar.gz", hash = "sha256:c357b3f628cf53ae2c4c05627ecc484553142ca23264e593d327bcde5e9c3407"},
]
importlib-metadata = [
    {file = "importlib_metadata-1.6.0-py2.py3-none-any.whl", hash = "sha256:2a688cbaa90e0cc587f1df48bdc97a6eadccdcd9c35fb3f976a09e3b5016d90f"},
    {file = "importlib_metadata-1.6.0.tar.gz", hash = "sha256:34513a8a0c4962bc66d35b359558fd8a5e10cd472d37aec5f66858addef32c1e"},
]
loguru = [
    {file = "loguru-0.4.1-py3-none-any.whl", hash = "sha256:074b3caa6748452c1e4f2b302093c94b65d5a4c5a4d7743636b4121e06437b0e"},
    {file = "loguru-0.4.1.tar.gz", hash = "sha256:a6101fd435ac89ba5205a105a26a6ede9e4ddbb4408a6e167852efca47806d11"},
]
msgpack = [
    {file = "msgpack-1.0.3-cp310-cp310-macosx_10_9_universal2.whl", hash = "sha256:96acc674bb9c9be63fa8b6dabc3248fdc575c4adc005c440ad02f87ca7edd079"},
    {file = "msgpack-1.0.3-cp310-cp310-macosx_10_9_x86_64.whl", hash = "sha256:2c3ca57c96c8e69c1a0d2926a6acf2d9a522b41dc4253a8945c4c6cd4981a4e3"},
    {file = "msgpack-1.0.3-cp310-cp310-manylinux_2_17_aarch64.manylinux2014_aarch64.whl", hash = "sha256:b0a792c091bac433dfe0a70ac17fc2087d4595ab835b47b89defc8bbabcf5c73"},
    {file = "msgpack-1.0.3-cp310-cp310-manylinux_2_17_x86_64.manylinux2014_x86_64.whl", hash = "sha256:1c58cdec1cb5fcea8c2f1771d7b5fec79307d056874f746690bd2bdd609ab147"},
    {file = "msgpack-1.0.3-cp310-cp310-manylinux_2_5_i686.manylinux1_i686.manylinux_2_17_i686.manylinux2014_i686.whl", hash = "sha256:2f97c0f35b3b096a330bb4a1a9247d0bd7e1f3a2eba7ab69795501504b1c2c39"},
    {file = "msgpack-1.0.3-cp310-cp310-win32.whl", hash = "sha256:36a64a10b16c2ab31dcd5f32d9787ed41fe68ab23dd66957ca2826c7f10d0b85"},
    {file = "msgpack-1.0.3-cp310-cp310-win_amd64.whl", hash = "sha256:c1ba333b4024c17c7591f0f372e2daa3c31db495a9b2af3cf664aef3c14354f7"},
    {file = "msgpack-1.0.3-cp36-cp36m-macosx_10_9_x86_64.whl", hash = "sha256:c2140cf7a3ec475ef0938edb6eb363fa704159e0bf71dde15d953bacc1cf9d7d"},
    {file = "msgpack-1.0.3-cp36-cp36m-manylinux_2_17_aarch64.manylinux2014_aarch64.whl", hash = "sha256:6f4c22717c74d44bcd7af353024ce71c6b55346dad5e2cc1ddc17ce8c4507c6b"},
    {file = "msgpack-1.0.3-cp36-cp36m-manylinux_2_17_x86_64.manylinux2014_x86_64.whl", hash = "sha256:47d733a15ade190540c703de209ffbc42a3367600421b62ac0c09fde594da6ec"},
    {file = "msgpack-1.0.3-cp36-cp36m-manylinux_2_5_i686.manylinux1_i686.manylinux_2_17_i686.manylinux2014_i686.whl", hash = "sha256:c7e03b06f2982aa98d4ddd082a210c3db200471da523f9ac197f2828e80e7770"},
    {file = "msgpack-1.0.3-cp36-cp36m-win32.whl", hash = "sha256:3d875631ecab42f65f9dce6f55ce6d736696ced240f2634633188de2f5f21af9"},
    {file = "msgpack-1.0.3-cp36-cp36m-win_amd64.whl", hash = "sha256:40fb89b4625d12d6027a19f4df18a4de5c64f6f3314325049f219683e07e678a"},
    {file = "msgpack-1.0.3-cp37-cp37m-macosx_10_9_x86_64.whl", hash = "sha256:6eef0cf8db3857b2b556213d97dd82de76e28a6524853a9beb3264983391dc1a"},
    {file = "msgpack-1.0.3-cp37-cp37m-manylinux_2_17_aarch64.manylinux2014_aarch64.whl", hash = "sha256:0d8c332f53ffff01953ad25131272506500b14750c1d0ce8614b17d098252fbc"},
    {file = "msgpack-1.0.3-cp37-cp37m-manylinux_2_17_x86_64.manylinux2014_x86_64.whl", hash = "sha256:9c0903bd93cbd34653dd63bbfcb99d7539c372795201f39d16fdfde4418de43a"},
    {file = "msgpack-1.0.3-cp37-cp37m-manylinux_2_5_i686.manylinux1_i686.manylinux_2_17_i686.manylinux2014_i686.whl", hash = "sha256:bf1e6bfed4860d72106f4e0a1ab519546982b45689937b40257cfd820650b920"},
    {file = "msgpack-1.0.3-cp37-cp37m-win32.whl", hash = "sha256:d02cea2252abc3756b2ac31f781f7a98e89ff9759b2e7450a1c7a0d13302ff50"},
    {file = "msgpack-1.0.3-cp37-cp37m-win_amd64.whl", hash = "sha256:2f30dd0dc4dfe6231ad253b6f9f7128ac3202ae49edd3f10d311adc358772dba"},
    {file = "msgpack-1.0.3-cp38-cp38-macosx_10_9_universal2.whl", hash = "sha256:f201d34dc89342fabb2a10ed7c9a9aaaed9b7af0f16a5923f1ae562b31258dea"},
    {file = "msgpack-1.0.3-cp38-cp38-macosx_10_9_x86_64.whl", hash = "sha256:bb87f23ae7d14b7b3c21009c4b1705ec107cb21ee71975992f6aca571fb4a42a"},
    {file = "msgpack-1.0.3-cp38-cp38-manylinux_2_17_aarch64.manylinux2014_aarch64.whl", hash = "sha256:8a3a5c4b16e9d0edb823fe54b59b5660cc8d4782d7bf2c214cb4b91a1940a8ef"},
    {file = "msgpack-1.0.3-cp38-cp38-manylinux_2_17_x86_64.manylinux2014_x86_64.whl", hash = "sha256:f74da1e5fcf20ade12c6bf1baa17a2dc3604958922de8dc83cbe3eff22e8b611"},
    {file = "msgpack-1.0.3-cp38-cp38-manylinux_2_5_i686.manylinux1_i686.manylinux_2_17_i686.manylinux2014_i686.whl", hash = "sha256:73a80bd6eb6bcb338c1ec0da273f87420829c266379c8c82fa14c23fb586cfa1"},
    {file = "msgpack-1.0.3-cp38-cp38-win32.whl", hash = "sha256:9fce00156e79af37bb6db4e7587b30d11e7ac6a02cb5bac387f023808cd7d7f4"},
    {file = "msgpack-1.0.3-cp38-cp38-win_amd64.whl", hash = "sha256:9b6f2d714c506e79cbead331de9aae6837c8dd36190d02da74cb409b36162e8a"},
    {file = "msgpack-1.0.3-cp39-cp39-macosx_10_9_universal2.whl", hash = "sha256:89908aea5f46ee1474cc37fbc146677f8529ac99201bc2faf4ef8edc023c2bf3"},
    {file = "msgpack-1.0.3-cp39-cp39-macosx_10_9_x86_64.whl", hash = "sha256:973ad69fd7e31159eae8f580f3f707b718b61141838321c6fa4d891c4a2cca52"},
    {file = "msgpack-1.0.3-cp39-cp39-manylinux_2_17_aarch64.manylinux2014_aarch64.whl", hash = "sha256:da24375ab4c50e5b7486c115a3198d207954fe10aaa5708f7b65105df09109b2"},
    {file = "msgpack-1.0.3-cp39-cp39-manylinux_2_17_x86_64.manylinux2014_x86_64.whl", hash = "sha256:a598d0685e4ae07a0672b59792d2cc767d09d7a7f39fd9bd37ff84e060b1a996"},
    {file = "msgpack-1.0.3-cp39-cp39-manylinux_2_5_i686.manylinux1_i686.manylinux_2_17_i686.manylinux2014_i686.whl", hash = "sha256:e4c309a68cb5d6bbd0c50d5c71a25ae81f268c2dc675c6f4ea8ab2feec2ac4e2"},
    {file = "msgpack-1.0.3-cp39-cp39-win32.whl", hash = "sha256:494471d65b25a8751d19c83f1a482fd411d7ca7a3b9e17d25980a74075ba0e88"},
    {file = "msgpack-1.0.3-cp39-cp39-win_amd64.whl", hash = "sha256:f01b26c2290cbd74316990ba84a14ac3d599af9cebefc543d241a66e785cf17d"},
    {file = "msgpack-1.0.3.tar.gz", hash = "sha256:51fdc7fb93615286428ee7758cecc2f374d5ff363bdd884c7ea622a7a327a81e"},
]
orjson = [
    {file = "orjson-3.3.1-cp36-cp36m-macosx_10_7_x86_64.whl", hash = "sha256:0f33d28083819579976669f54ca79675d8e95fd5d75e7db21b798354ed8dd15b"},
    {file = "orjson-3.3.1-cp36-cp36m-manylinux1_x86_64.whl", hash = "sha256:4c290f1c0b6665d60181ee2f0ef631640d04ead2002ca4eadce4991ea5d6a4ed"},
    {file = "orjson-3.3.1-cp36-cp36m-manylinux2014_aarch64.whl", hash = "sha256:bf542f372162533550e86003d48664ab5fc1b44fb2b88923b9794cc8db6f0cf0"},
    {file = "orjson-3.3.1-cp36-cp36m-manylinux2014_x86_64.whl", hash = "sha256:28e6116ebd2082357bb9c66a76a3a1dc6aa4de0754801ac10b9903d31b752a1b"},
    {file = "orjson-3.3.1-cp36-none-win_amd64.whl", hash = "sha256:c4ac5a1d1767733708fd9b45cbbab3f8871af57b54b707a2dc6fddb47e51a81a"},
    {file = "orjson-3.3.1-cp37-cp37m-macosx_10_7_x86_64.whl", hash = "sha256:0f11fd620b74fbdcf29021b3a9c36fb6e13efcdd63cbacc292d0786b54b4b2e8"},
    {file = "orjson-3.3.1-cp37-cp37m-manylinux1_x86_64.whl", hash = "sha256:e455c5b42a023f4777526c623d2e9ae415084de5130f93aefe689ea482de5f67"},
    {file = "orjson-3.3.1-cp37-cp37m-manylinux2014_aarch64.whl", hash = "sha256:8c90083c67653d88b132820719e604250f26ba04229efe3149bf82ba2a08f8cf"},
    {file = "orjson-3.3.1-cp37-cp37m-manylinux2014_x86_64.whl", hash = "sha256:bc23eed41167b4454cddd51f72a7ee4163c33565c509bb9469adf56384b1cce2"},
    {file = "orjson-3.3.1-cp37-none-win_amd64.whl", hash = "sha256:3bff4765281da6fa8ddbbe692e5061f950d11aabdfe64837fb53ead4756e9af6"},
    {file = "orjson-3.3.1-cp38-cp38-macosx_10_7_x86_64.whl", hash = "sha256:1e19907c1ccf82976c2d111f3914a2c0697720b91908e8ef02405e4dc21c662a"},
    {file = "orjson-3.3.1-cp38-cp38-manylinux1_x86_64.whl", hash = "sha256:aa8332a3ee0fa03a331bea4f28cdcc4d363b53af2ea41630d7eb580422514a1f"},
    {file = "orjson-3.3.1-cp38-cp38-manylinux2014_aarch64.whl", hash = "sha256:4ab9536c3776136303ab9e6432691d970e6aa5d27dbc2b5e0ca0d0db3e12f1c4"},
    {file = "orjson-3.3.1-cp38-cp38-manylinux2014_x86_64.whl", hash = "sha256:28dc7e1f89440a68c1ccb937f6f0ae40fa3875de84f747262c00bc18aa25c5ec"},
    {file = "orjson-3.3.1-cp38-none-win_amd64.whl", hash = "sha256:fa4d5d734e76d9f21a94444fbf1de7eea185b355b324d38c8a7456ce63c3bbeb"},
    {file = "orjson-3.3.1-cp39-cp39-manylinux2014_aarch64.whl", hash = "sha256:b0533d6719b781db7563c478672d91faeac9ea810f30f16ebb5e917c4451b098"},
    {file = "orjson-3.3.1-cp39-cp39-manylinux2014_x86_64.whl", hash = "sha256:a7d634eb69083ca5a49baf412625604813f9e3365cb869f445c388d15fe60122"},
    {file = "orjson-3.3.1.tar.gz", hash = "sha256:149d6a2bc71514826979b9d053f3df0c2397a99e2b87213ba71605a1626d662c"},
]
pydantic = [
    {file = "pydantic-1.0-cp36-cp36m-manylinux1_i686.whl", hash = "sha256:0f35a8d780534f3db5c36fe4d516bd7a12559d6972dccbc55161a90eb20dd67a"},
    {file = "pydantic-1.0-cp36-cp36m-manylinux1_x86_64.whl", hash = "sha256:360433b2422fcb2203356a30a90f6ae45d9e613243588504509aa5d544d6f68e"},
    {file = "pydantic-1.0-cp37-cp37m-manylinux1_i686.whl", hash = "sha256:751f755efb9ab395ec7bd562f123e57a68e6164f06fc735b04ccb8df1ad5b6c8"},
    {file = "pydantic-1.0-cp37-cp37m-manylinux1_x86_64.whl", hash = "sha256:c044e589c6d8d54ad55f5e73aa8f8d61dcab038b0a6267988d68e0361ae77f0e"},
    {file = "pydantic-1.0-py36.py37.py38-none-any.whl", hash = "sha256:a1ba32e2284185260cf5d35ffe2c8cbdd2244d62e5952e69572d4a458d6d46a7"},
    {file = "pydantic-1.0.tar.gz", hash = "sha256:bf474cebe007701806f5f8b076fb8508116606e5c721734bb855bfec4185263c"},
]
pysolace = [
    {file = "pysolace-0.9.11-cp36-cp36m-macosx_10_9_x86_64.whl", hash = "sha256:921b7e91ce81215483ed721929415cade8f21ac5bcb45e7b6a88c14f47c993f3"},
    {file = "pysolace-0.9.11-cp36-cp36m-manylinux1_x86_64.whl", hash = "sha256:f662ca46ee0cd7e26080e1cf3a0c96a4c7083c364686a729c46edee63bbab549"},
    {file = "pysolace-0.9.11-cp36-cp36m-manylinux2010_x86_64.whl", hash = "sha256:33518b746acc35f80d2ef2d3ece884517e74c90c8fac825337e18f4b9f6c5c17"},
    {file = "pysolace-0.9.11-cp36-cp36m-win_amd64.whl", hash = "sha256:72ba2b60471f14c7baefdbb9d2d02e631d9a1ad06d75f3e66e26b96688e9d1cc"},
    {file = "pysolace-0.9.11-cp37-cp37m-macosx_10_9_x86_64.whl", hash = "sha256:86048c2288bf2f9be8ebea700abf45210480788b86122aef157994946c18c277"},
    {file = "pysolace-0.9.11-cp37-cp37m-manylinux1_x86_64.whl", hash = "sha256:ed83af5e7c29929e0e709d03370dc582b09c0a9a6b2c523014ce098e1e4cb253"},
    {file = "pysolace-0.9.11-cp37-cp37m-manylinux2010_x86_64.whl", hash = "sha256:c7d0bc6c822ac0d0acdf9bd36922b9f1b92b0c03bd6294c5531cdd0fb3abd412"},
    {file = "pysolace-0.9.11-cp37-cp37m-win_amd64.whl", hash = "sha256:80e40934f78ab906de694e0f8c3d042f41e771273e5b80850b2faa91209ac327"},
    {file = "pysolace-0.9.11-cp38-cp38-macosx_10_9_x86_64.whl", hash = "sha256:7c864bff1460edb584b443642dee60b76faaa448b92bdaa11fbf8a55529d2301"},
    {file = "pysolace-0.9.11-cp38-cp38-manylinux1_x86_64.whl", hash = "sha256:26920fe6bd6bc1014c39e8663fbcc7572c2e54c81661d1de89cb9b881472982d"},
    {file = "pysolace-0.9.11-cp38-cp38-manylinux2010_x86_64.whl", hash = "sha256:8bf7893016d75366b6e4e3b58f41686cae66738457e97378c5b53705e684163d"},
    {file = "pysolace-0.9.11-cp38-cp38-win_amd64.whl", hash = "sha256:6a6b113458459c444cac16f0b883541e0794b5cbbbdd6f7eddad6b08f717493b"},
    {file = "pysolace-0.9.11-cp39-cp39-macosx_10_9_x86_64.whl", hash = "sha256:02d1435e63b4a4307ae0d2e4a3dfe0c51835409c279da10b24f59b00cb6c2aa0"},
]
python-dotenv = [
    {file = "python-dotenv-0.19.2.tar.gz", hash = "sha256:a5de49a31e953b45ff2d2fd434bbc2670e8db5273606c1e737cc6b93eff3655f"},
    {file = "python_dotenv-0.19.2-py2.py3-none-any.whl", hash = "sha256:32b2bdc1873fd3a3c346da1c6db83d0053c3c62f28f1f38516070c4c8971b1d3"},
]
redis = [
    {file = "redis-3.5.3-py2.py3-none-any.whl", hash = "sha256:432b788c4530cfe16d8d943a09d40ca6c16149727e4afe8c2c9d5580c59d9f24"},
    {file = "redis-3.5.3.tar.gz", hash = "sha256:0e7e0cfca8660dea8b7d5cd8c4f6c5e29e11f31158c0b0ae91a397f00e5a05a2"},
]
requests = [
    {file = "requests-2.22.0-py2.py3-none-any.whl", hash = "sha256:9cf5292fcd0f598c671cfc1e0d7d1a7f13bb8085e9a590f48c010551dc6c4b31"},
    {file = "requests-2.22.0.tar.gz", hash = "sha256:11e007a8a2aa0323f5a921e9e6a2d7e4e67d9877e85773fba9ba6419025cbeb4"},
]
sentry-sdk = [
    {file = "sentry-sdk-0.14.1.tar.gz", hash = "sha256:e023da07cfbead3868e1e2ba994160517885a32dfd994fc455b118e37989479b"},
    {file = "sentry_sdk-0.14.1-py2.py3-none-any.whl", hash = "sha256:b06dd27391fd11fb32f84fe054e6a64736c469514a718a99fb5ce1dff95d6b28"},
]
shioaji = [
    {file = "shioaji-0.3.3.dev8-cp36-cp36m-macosx_10_9_x86_64.whl", hash = "sha256:5548365a1dd0bdaa8d46e022fedda6953275f255f00e243dc3fcea9fb30b8413"},
    {file = "shioaji-0.3.3.dev8-cp36-cp36m-manylinux1_x86_64.whl", hash = "sha256:c41fdd0ca193a93e83c5e41aed09b9086d5e0a759e502449b0e4aaa15073cf65"},
    {file = "shioaji-0.3.3.dev8-cp36-cp36m-manylinux2010_x86_64.whl", hash = "sha256:81a51cb5440d8f7e981a5440b319fa80181f6e18bcf5b9a2d185c6a12c0f91e2"},
    {file = "shioaji-0.3.3.dev8-cp36-cp36m-win_amd64.whl", hash = "sha256:5c67e06b78f83162839c07c644f02201812e96934ed1f3580c4b4de7543db536"},
    {file = "shioaji-0.3.3.dev8-cp37-cp37m-macosx_10_9_x86_64.whl", hash = "sha256:5939628702417833d6fafdf13fd8d8e9f6ce096a6f94f2531dda3837ad49f3da"},
    {file = "shioaji-0.3.3.dev8-cp37-cp37m-manylinux1_x86_64.whl", hash = "sha256:684470de01b59b362dbe7a5a6f18551d51b3299e23b7bfe508a306d5460c054e"},
    {file = "shioaji-0.3.3.dev8-cp37-cp37m-manylinux2010_x86_64.whl", hash = "sha256:a62c2a1d4bdb7c735b2132008bed51b4488b03361ba4575e6702f7fd52cda905"},
    {file = "shioaji-0.3.3.dev8-cp37-cp37m-win_amd64.whl", hash = "sha256:09e12665aaa22eee913266bc9ad6845d39644d2c6daa3c4d1657b89dc1c5c119"},
    {file = "shioaji-0.3.3.dev8-cp38-cp38-macosx_10_9_x86_64.whl", hash = "sha256:6db0a4645f29bf54a2c24f118c61f96da1b1cd076214498901205e7f79183169"},
    {file = "shioaji-0.3.3.dev8-cp38-cp38-manylinux1_x86_64.whl", hash = "sha256:ee4a51188f94593caa7a7c51f208b82450929e252edff626bccd1d03ae4bbb14"},
    {file = "shioaji-0.3.3.dev8-cp38-cp38-manylinux2010_x86_64.whl", hash = "sha256:901165e0a924887eb4a03a359aea6bffbc05fda28e3c42e1156113d0387a834f"},
    {file = "shioaji-0.3.3.dev8-cp38-cp38-win_amd64.whl", hash = "sha256:4a113514365951245a4a2f4a4b0f3e80e1783b95f0dc45383a8914707700b427"},
]
typing-extensions = [
    {file = "typing_extensions-4.0.1-py3-none-any.whl", hash = "sha256:7f001e5ac290a0c0401508864c7ec868be4e701886d5b573a9528ed3973d9d3b"},
    {file = "typing_extensions-4.0.1.tar.gz", hash = "sha256:4ca091dea149f945ec56afb48dae714f21e8692ef22a395223bcd328961b6a0e"},
]
ujson = [
    {file = "ujson-4.3.0-cp310-cp310-macosx_10_14_x86_64.whl", hash = "sha256:3609e0514f6f721c6c9818b9374ec91b994e59fb193af2f924ca3f2f32009f1c"},
    {file = "ujson-4.3.0-cp310-cp310-manylinux_2_17_aarch64.manylinux2014_aarch64.whl", hash = "sha256:de42986e2602b6a0baca452ff50e9cbe66faf256761295d5d07ae3f6757b487d"},
    {file = "ujson-4.3.0-cp310-cp310-manylinux_2_17_x86_64.manylinux2014_x86_64.whl", hash = "sha256:843fd8b3246b2b20bbae48b2334d26507c9531b2b014533adfc6132e3ec8e60c"},
    {file = "ujson-4.3.0-cp310-cp310-manylinux_2_5_i686.manylinux1_i686.manylinux_2_17_i686.manylinux2014_i686.whl", hash = "sha256:5d1083a0dcb39b43cfcd948f09e480c23eb4af66d7d08f6b36951f4c629c3bd1"},
    {file = "ujson-4.3.0-cp310-cp310-musllinux_1_1_aarch64.whl", hash = "sha256:01d12df8eb25afb939a003284b5b5adca9788c1176c445641e5980fa892562ac"},
    {file = "ujson-4.3.0-cp310-cp310-musllinux_1_1_x86_64.whl", hash = "sha256:b0b9cde57eebaac26de040f8ebf0541e06fe9bcf7e42872dc036d2ced7d99ccf"},
    {file = "ujson-4.3.0-cp310-cp310-win32.whl", hash = "sha256:3d8eaab72ad8129c12ed90ebf310230bd014b6bbf99145ebf2bc890238e0254f"},
    {file = "ujson-4.3.0-cp310-cp310-win_amd64.whl", hash = "sha256:85f28c38952b8a94183ab15ec6c6e89c117d00ceeae5d754ef1a33e01e28b845"},
    {file = "ujson-4.3.0-cp36-cp36m-macosx_10_14_x86_64.whl", hash = "sha256:8a0d9dde58937976cd06cd776411b77b0e5d38db0a3c1be28ee8bb428ff5a42b"},
    {file = "ujson-4.3.0-cp36-cp36m-manylinux_2_17_aarch64.manylinux2014_aarch64.whl", hash = "sha256:9f4a34386785a33600ac7442fec34c3d8b2d7e5309cfc94bc7c9ba93f12640c2"},
    {file = "ujson-4.3.0-cp36-cp36m-manylinux_2_17_x86_64.manylinux2014_x86_64.whl", hash = "sha256:d8e2a52fbeee55db306b9306892f5cde7e78c56069c1212abf176d1886fff60a"},
    {file = "ujson-4.3.0-cp36-cp36m-manylinux_2_5_i686.manylinux1_i686.manylinux_2_17_i686.manylinux2014_i686.whl", hash = "sha256:9c5330692122b999997911252466a7d17e4e428d7d9a8db0b99ba81b8b9c010c"},
    {file = "ujson-4.3.0-cp36-cp36m-musllinux_1_1_aarch64.whl", hash = "sha256:9baa160ba1d3f712a356e77718251c9d9eee43ed548debdcc9d75b06a75b3e82"},
    {file = "ujson-4.3.0-cp36-cp36m-musllinux_1_1_x86_64.whl", hash = "sha256:a6c32356145d95a0403b5895d60c36798a48af13b8863e43ad7457a0361afad0"},
    {file = "ujson-4.3.0-cp36-cp36m-win32.whl", hash = "sha256:b72fadeea5727204674c9f77166da7feaafdf70f1ed50bb15bf321f7c39c7194"},
    {file = "ujson-4.3.0-cp36-cp36m-win_amd64.whl", hash = "sha256:1601354caaab0697a9b24815a31611ad013d29cf957d545fc1cd59835b82e3c1"},
    {file = "ujson-4.3.0-cp37-cp37m-macosx_10_14_x86_64.whl", hash = "sha256:b80a35bad8fad1772f992bae8086b0cde788cd3b37f35d0d4506c93e6edad645"},
    {file = "ujson-4.3.0-cp37-cp37m-manylinux_2_17_aarch64.manylinux2014_aarch64.whl", hash = "sha256:7a318df321d7adc3de876b29640cca8de1ad4d4e4fe7c4a76d64d9d6f1676304"},
    {file = "ujson-4.3.0-cp37-cp37m-manylinux_2_17_x86_64.manylinux2014_x86_64.whl", hash = "sha256:fc9a508efb829bf0542be9b2578d8da08f0ab1fa712e086ebb777d6ec9e6d8d2"},
    {file = "ujson-4.3.0-cp37-cp37m-manylinux_2_5_i686.manylinux1_i686.manylinux_2_17_i686.manylinux2014_i686.whl", hash = "sha256:43d2403451d7bd27b6a600f89d4bd2cf6e1b3494254509d8b5ef3c8e94ae4d8e"},
    {file = "ujson-4.3.0-cp37-cp37m-musllinux_1_1_aarch64.whl", hash = "sha256:fd0901db652a58f46550074596227dbddb7a02d2de744d3cd2358101f78037bb"},
    {file = "ujson-4.3.0-cp37-cp37m-musllinux_1_1_x86_64.whl", hash = "sha256:00fd67952b1a8a46cf5b0a51b3838187332d13d2e8d178423c5a5405c21d9e7c"},
    {file = "ujson-4.3.0-cp37-cp37m-win32.whl", hash = "sha256:b0e9510e867c72a87db2d16377c2bef912f29afd8381d1fdae332b9b7f697efa"},
    {file = "ujson-4.3.0-cp37-cp37m-win_amd64.whl", hash = "sha256:294e907f134fb5d83e0a4439cf4040d74da77157938b4db5730cd174621dcf8b"},
    {file = "ujson-4.3.0-cp38-cp38-macosx_10_14_x86_64.whl", hash = "sha256:087cd977f4f63f885a49607244e7e157801a22aadcc075a262d3c3633138573c"},
    {file = "ujson-4.3.0-cp38-cp38-manylinux_2_17_aarch64.manylinux2014_aarch64.whl", hash = "sha256:4f35dcf6d2a67e913a7135809006bd000d55ad5b5834b5dbe5b82dcf8db1ac05"},
    {file = "ujson-4.3.0-cp38-cp38-manylinux_2_17_x86_64.manylinux2014_x86_64.whl", hash = "sha256:f158fdb08e022f2f16f0fba317a80558b0cebc7e2c84ae783e5f75616d5c90d5"},
    {file = "ujson-4.3.0-cp38-cp38-manylinux_2_5_i686.manylinux1_i686.manylinux_2_17_i686.manylinux2014_i686.whl", hash = "sha256:2a06006dad34c8cfaa734bd6458452e46702b368da53b56e7732351082aa0420"},
    {file = "ujson-4.3.0-cp38-cp38-musllinux_1_1_aarch64.whl", hash = "sha256:6df94e675b05ecf4e7a57883a73b916ffcb5872d7b1298ac5cef8ac1cbce73c6"},
    {file = "ujson-4.3.0-cp38-cp38-musllinux_1_1_x86_64.whl", hash = "sha256:47af81df5d575e36d4be9396db94f35c8f62de3077a405f9af94f9756255cef5"},
    {file = "ujson-4.3.0-cp38-cp38-win32.whl", hash = "sha256:e46c1462761db518fae51ab0d89a6256aeac148a795f7244d9084c459b477af5"},
    {file = "ujson-4.3.0-cp38-cp38-win_amd64.whl", hash = "sha256:bf199015910fcfa19b6e12881abeb462498791b2ab0111ff8b17095d0477e9d4"},
    {file = "ujson-4.3.0-cp39-cp39-macosx_10_14_x86_64.whl", hash = "sha256:32ee97ec37af31b35ca4395732d883bf74fb70309d38485f7fb9a5cc3332c53e"},
    {file = "ujson-4.3.0-cp39-cp39-manylinux_2_17_aarch64.manylinux2014_aarch64.whl", hash = "sha256:1f211c7c0c9377cbf4650aa990118d0c2cce3c5fad476c39ecd35b6714ba4463"},
    {file = "ujson-4.3.0-cp39-cp39-manylinux_2_17_x86_64.manylinux2014_x86_64.whl", hash = "sha256:0c81159d3f1bcb5729ba019e63e78ee6c91b556e1ac0e67c7579768720fd3c4e"},
    {file = "ujson-4.3.0-cp39-cp39-manylinux_2_5_i686.manylinux1_i686.manylinux_2_17_i686.manylinux2014_i686.whl", hash = "sha256:b850029d64008e970cae04ada69aa33e1cd412106a1efde221269c1cda1b40cc"},
    {file = "ujson-4.3.0-cp39-cp39-musllinux_1_1_aarch64.whl", hash = "sha256:327ec982bb89abe779fe463e1013c47aae6ed53b76600af7cb1e8b8cb0ee9f85"},
    {file = "ujson-4.3.0-cp39-cp39-musllinux_1_1_x86_64.whl", hash = "sha256:103cbabe4e6fd70c957219519e37d65be612d7c74d91ef19022a2c8f8c5e4e82"},
    {file = "ujson-4.3.0-cp39-cp39-win32.whl", hash = "sha256:7b0a63865ec2978ebafb0906bf982eb52bea26fc98e2ae5e59b9d204afe2d762"},
    {file = "ujson-4.3.0-cp39-cp39-win_amd64.whl", hash = "sha256:18040475d997d93a6851d8bee474fba2ec94869e8f826dddd66cdae4aa3fdb92"},
    {file = "ujson-4.3.0-pp37-pypy37_pp73-manylinux_2_17_aarch64.manylinux2014_aarch64.whl", hash = "sha256:df481d4e13ca34d870d1fdf387742867edff3f78a1eea1bbcd72ea2fa68d9a6e"},
    {file = "ujson-4.3.0-pp37-pypy37_pp73-manylinux_2_17_x86_64.manylinux2014_x86_64.whl", hash = "sha256:e7e73ec5ba1b42c2027773f69b70eff28df132907aa98b28166c39d3ea45e85b"},
    {file = "ujson-4.3.0-pp37-pypy37_pp73-manylinux_2_5_i686.manylinux1_i686.manylinux_2_17_i686.manylinux2014_i686.whl", hash = "sha256:b270088e472f1d65a0a0aab3190010b9ac1a5b2969d39bf2b53c0fbf339bc87a"},
    {file = "ujson-4.3.0.tar.gz", hash = "sha256:baee56eca35cb5fbe02c28bd9c0936be41a96fa5c0812d9d4b7edeb5c3d568a0"},
]
urllib3 = [
    {file = "urllib3-1.25.11-py2.py3-none-any.whl", hash = "sha256:f5321fbe4bf3fefa0efd0bfe7fb14e90909eb62a48ccda331726b4319897dd5e"},
    {file = "urllib3-1.25.11.tar.gz", hash = "sha256:8d7eaa5a82a1cac232164990f04874c594c9453ec55eef02eab885aa02fc17a2"},
]
uvloop = [
    {file = "uvloop-0.16.0-cp310-cp310-macosx_10_9_universal2.whl", hash = "sha256:6224f1401025b748ffecb7a6e2652b17768f30b1a6a3f7b44660e5b5b690b12d"},
    {file = "uvloop-0.16.0-cp310-cp310-macosx_10_9_x86_64.whl", hash = "sha256:30ba9dcbd0965f5c812b7c2112a1ddf60cf904c1c160f398e7eed3a6b82dcd9c"},
    {file = "uvloop-0.16.0-cp310-cp310-manylinux_2_12_x86_64.manylinux2010_x86_64.whl", hash = "sha256:bd53f7f5db562f37cd64a3af5012df8cac2c464c97e732ed556800129505bd64"},
    {file = "uvloop-0.16.0-cp310-cp310-manylinux_2_17_aarch64.manylinux2014_aarch64.whl", hash = "sha256:772206116b9b57cd625c8a88f2413df2fcfd0b496eb188b82a43bed7af2c2ec9"},
    {file = "uvloop-0.16.0-cp37-cp37m-macosx_10_9_x86_64.whl", hash = "sha256:b572256409f194521a9895aef274cea88731d14732343da3ecdb175228881638"},
    {file = "uvloop-0.16.0-cp37-cp37m-manylinux_2_12_x86_64.manylinux2010_x86_64.whl", hash = "sha256:04ff57aa137230d8cc968f03481176041ae789308b4d5079118331ab01112450"},
    {file = "uvloop-0.16.0-cp37-cp37m-manylinux_2_17_aarch64.manylinux2014_aarch64.whl", hash = "sha256:3a19828c4f15687675ea912cc28bbcb48e9bb907c801873bd1519b96b04fb805"},
    {file = "uvloop-0.16.0-cp38-cp38-macosx_10_9_universal2.whl", hash = "sha256:e814ac2c6f9daf4c36eb8e85266859f42174a4ff0d71b99405ed559257750382"},
    {file = "uvloop-0.16.0-cp38-cp38-macosx_10_9_x86_64.whl", hash = "sha256:bd8f42ea1ea8f4e84d265769089964ddda95eb2bb38b5cbe26712b0616c3edee"},
    {file = "uvloop-0.16.0-cp38-cp38-manylinux_2_12_x86_64.manylinux2010_x86_64.whl", hash = "sha256:647e481940379eebd314c00440314c81ea547aa636056f554d491e40503c8464"},
    {file = "uvloop-0.16.0-cp38-cp38-manylinux_2_17_aarch64.manylinux2014_aarch64.whl", hash = "sha256:8e0d26fa5875d43ddbb0d9d79a447d2ace4180d9e3239788208527c4784f7cab"},
    {file = "uvloop-0.16.0-cp39-cp39-macosx_10_9_universal2.whl", hash = "sha256:6ccd57ae8db17d677e9e06192e9c9ec4bd2066b77790f9aa7dede2cc4008ee8f"},
    {file = "uvloop-0.16.0-cp39-cp39-macosx_10_9_x86_64.whl", hash = "sha256:089b4834fd299d82d83a25e3335372f12117a7d38525217c2258e9b9f4578897"},
    {file = "uvloop-0.16.0-cp39-cp39-manylinux_2_12_x86_64.manylinux2010_x86_64.whl", hash = "sha256:98d117332cc9e5ea8dfdc2b28b0a23f60370d02e1395f88f40d1effd2cb86c4f"},
    {file = "uvloop-0.16.0-cp39-cp39-manylinux_2_17_aarch64.manylinux2014_aarch64.whl", hash = "sha256:1e5f2e2ff51aefe6c19ee98af12b4ae61f5be456cd24396953244a30880ad861"},
    {file = "uvloop-0.16.0.tar.gz", hash = "sha256:f74bc20c7b67d1c27c72601c78cf95be99d5c2cdd4514502b4f3eb0933ff1228"},
]
websockets = [
    {file = "websockets-10.1-cp310-cp310-macosx_10_9_universal2.whl", hash = "sha256:38db6e2163b021642d0a43200ee2dec8f4980bdbda96db54fde72b283b54cbfc"},
    {file = "websockets-10.1-cp310-cp310-macosx_10_9_x86_64.whl", hash = "sha256:e1b60fd297adb9fc78375778a5220da7f07bf54d2a33ac781319650413fc6a60"},
    {file = "websockets-10.1-cp310-cp310-macosx_11_0_arm64.whl", hash = "sha256:3477146d1f87ead8df0f27e8960249f5248dceb7c2741e8bbec9aa5338d0c053"},
    {file = "websockets-10.1-cp310-cp310-manylinux_2_17_aarch64.manylinux2014_aarch64.whl", hash = "sha256:bb01ea7b5f52e7125bdc3c5807aeaa2d08a0553979cf2d96a8b7803ea33e15e7"},
    {file = "websockets-10.1-cp310-cp310-manylinux_2_5_i686.manylinux1_i686.manylinux_2_12_i686.manylinux2010_i686.whl", hash = "sha256:9fd62c6dc83d5d35fb6a84ff82ec69df8f4657fff05f9cd6c7d9bec0dd57f0f6"},
    {file = "websockets-10.1-cp310-cp310-manylinux_2_5_x86_64.manylinux1_x86_64.manylinux_2_12_x86_64.manylinux2010_x86_64.whl", hash = "sha256:3bbf080f3892ba1dc8838786ec02899516a9d227abe14a80ef6fd17d4fb57127"},
    {file = "websockets-10.1-cp310-cp310-musllinux_1_1_aarch64.whl", hash = "sha256:5560558b0dace8312c46aa8915da977db02738ac8ecffbc61acfbfe103e10155"},
    {file = "websockets-10.1-cp310-cp310-musllinux_1_1_i686.whl", hash = "sha256:667c41351a6d8a34b53857ceb8343a45c85d438ee4fd835c279591db8aeb85be"},
    {file = "websockets-10.1-cp310-cp310-musllinux_1_1_x86_64.whl", hash = "sha256:468f0031fdbf4d643f89403a66383247eb82803430b14fa27ce2d44d2662ca37"},
    {file = "websockets-10.1-cp310-cp310-win32.whl", hash = "sha256:d0d81b46a5c87d443e40ce2272436da8e6092aa91f5fbeb60d1be9f11eff5b4c"},
    {file = "websockets-10.1-cp310-cp310-win_amd64.whl", hash = "sha256:b68b6caecb9a0c6db537aa79750d1b592a841e4f1a380c6196091e65b2ad35f9"},
    {file = "websockets-10.1-cp37-cp37m-macosx_10_9_x86_64.whl", hash = "sha256:a249139abc62ef333e9e85064c27fefb113b16ffc5686cefc315bdaef3eefbc8"},
    {file = "websockets-10.1-cp37-cp37m-manylinux_2_17_aarch64.manylinux2014_aarch64.whl", hash = "sha256:8877861e3dee38c8d302eee0d5dbefa6663de3b46dc6a888f70cd7e82562d1f7"},
    {file = "websockets-10.1-cp37-cp37m-manylinux_2_5_i686.manylinux1_i686.manylinux_2_12_i686.manylinux2010_i686.whl", hash = "sha256:e3872ae57acd4306ecf937d36177854e218e999af410a05c17168cd99676c512"},
    {file = "websockets-10.1-cp37-cp37m-manylinux_2_5_x86_64.manylinux1_x86_64.manylinux_2_12_x86_64.manylinux2010_x86_64.whl", hash = "sha256:b66e6d514f12c28d7a2d80bb2a48ef223342e99c449782d9831b0d29a9e88a17"},
    {file = "websockets-10.1-cp37-cp37m-musllinux_1_1_aarch64.whl", hash = "sha256:9f304a22ece735a3da8a51309bc2c010e23961a8f675fae46fdf62541ed62123"},
    {file = "websockets-10.1-cp37-cp37m-musllinux_1_1_i686.whl", hash = "sha256:189ed478395967d6a98bb293abf04e8815349e17456a0a15511f1088b6cb26e4"},
    {file = "websockets-10.1-cp37-cp37m-musllinux_1_1_x86_64.whl", hash = "sha256:08a42856158307e231b199671c4fce52df5786dd3d703f36b5d8ac76b206c485"},
    {file = "websockets-10.1-cp37-cp37m-win32.whl", hash = "sha256:3ef6f73854cded34e78390dbdf40dfdcf0b89b55c0e282468ef92646fce8d13a"},
    {file = "websockets-10.1-cp37-cp37m-win_amd64.whl", hash = "sha256:89e985d40d407545d5f5e2e58e1fdf19a22bd2d8cd54d20a882e29f97e930a0a"},
    {file = "websockets-10.1-cp38-cp38-macosx_10_9_universal2.whl", hash = "sha256:002071169d2e44ce8eb9e5ebac9fbce142ba4b5146eef1cfb16b177a27662657"},
    {file = "websockets-10.1-cp38-cp38-macosx_10_9_x86_64.whl", hash = "sha256:cfae282c2aa7f0c4be45df65c248481f3509f8c40ca8b15ed96c35668ae0ff69"},
    {file = "websockets-10.1-cp38-cp38-macosx_11_0_arm64.whl", hash = "sha256:97b4b68a2ddaf5c4707ae79c110bfd874c5be3c6ac49261160fb243fa45d8bbb"},
    {file = "websockets-10.1-cp38-cp38-manylinux_2_17_aarch64.manylinux2014_aarch64.whl", hash = "sha256:7c9407719f42cb77049975410490c58a705da6af541adb64716573e550e5c9db"},
    {file = "websockets-10.1-cp38-cp38-manylinux_2_5_i686.manylinux1_i686.manylinux_2_12_i686.manylinux2010_i686.whl", hash = "sha256:1d858fb31e5ac992a2cdf17e874c95f8a5b1e917e1fb6b45ad85da30734b223f"},
    {file = "websockets-10.1-cp38-cp38-manylinux_2_5_x86_64.manylinux1_x86_64.manylinux_2_12_x86_64.manylinux2010_x86_64.whl", hash = "sha256:7bdd3d26315db0a9cf8a0af30ca95e0aa342eda9c1377b722e71ccd86bc5d1dd"},
    {file = "websockets-10.1-cp38-cp38-musllinux_1_1_aarch64.whl", hash = "sha256:e259be0863770cb91b1a6ccf6907f1ac2f07eff0b7f01c249ed751865a70cb0d"},
    {file = "websockets-10.1-cp38-cp38-musllinux_1_1_i686.whl", hash = "sha256:6b014875fae19577a392372075e937ebfebf53fd57f613df07b35ab210f31534"},
    {file = "websockets-10.1-cp38-cp38-musllinux_1_1_x86_64.whl", hash = "sha256:98de71f86bdb29430fd7ba9997f47a6b10866800e3ea577598a786a785701bb0"},
    {file = "websockets-10.1-cp38-cp38-win32.whl", hash = "sha256:3a02ab91d84d9056a9ee833c254895421a6333d7ae7fff94b5c68e4fa8095519"},
    {file = "websockets-10.1-cp38-cp38-win_amd64.whl", hash = "sha256:7d6673b2753f9c5377868a53445d0c321ef41ff3c8e3b6d57868e72054bfce5f"},
    {file = "websockets-10.1-cp39-cp39-macosx_10_9_universal2.whl", hash = "sha256:ddab2dc69ee5ae27c74dbfe9d7bb6fee260826c136dca257faa1a41d1db61a89"},
    {file = "websockets-10.1-cp39-cp39-macosx_10_9_x86_64.whl", hash = "sha256:14e9cf68a08d1a5d42109549201aefba473b1d925d233ae19035c876dd845da9"},
    {file = "websockets-10.1-cp39-cp39-macosx_11_0_arm64.whl", hash = "sha256:e4819c6fb4f336fd5388372cb556b1f3a165f3f68e66913d1a2fc1de55dc6f58"},
    {file = "websockets-10.1-cp39-cp39-manylinux_2_17_aarch64.manylinux2014_aarch64.whl", hash = "sha256:05e7f098c76b0a4743716590bb8f9706de19f1ef5148d61d0cf76495ec3edb9c"},
    {file = "websockets-10.1-cp39-cp39-manylinux_2_5_i686.manylinux1_i686.manylinux_2_12_i686.manylinux2010_i686.whl", hash = "sha256:5bb6256de5a4fb1d42b3747b4e2268706c92965d75d0425be97186615bf2f24f"},
    {file = "websockets-10.1-cp39-cp39-manylinux_2_5_x86_64.manylinux1_x86_64.manylinux_2_12_x86_64.manylinux2010_x86_64.whl", hash = "sha256:888a5fa2a677e0c2b944f9826c756475980f1b276b6302e606f5c4ff5635be9e"},
    {file = "websockets-10.1-cp39-cp39-musllinux_1_1_aarch64.whl", hash = "sha256:6fdec1a0b3e5630c58e3d8704d2011c678929fce90b40908c97dfc47de8dca72"},
    {file = "websockets-10.1-cp39-cp39-musllinux_1_1_i686.whl", hash = "sha256:531d8eb013a9bc6b3ad101588182aa9b6dd994b190c56df07f0d84a02b85d530"},
    {file = "websockets-10.1-cp39-cp39-musllinux_1_1_x86_64.whl", hash = "sha256:0d93b7cadc761347d98da12ec1930b5c71b2096f1ceed213973e3cda23fead9c"},
    {file = "websockets-10.1-cp39-cp39-win32.whl", hash = "sha256:d9b245db5a7e64c95816e27d72830e51411c4609c05673d1ae81eb5d23b0be54"},
    {file = "websockets-10.1-cp39-cp39-win_amd64.whl", hash = "sha256:882c0b8bdff3bf1bd7f024ce17c6b8006042ec4cceba95cf15df57e57efa471c"},
    {file = "websockets-10.1-pp37-pypy37_pp73-macosx_10_9_x86_64.whl", hash = "sha256:10edd9d7d3581cfb9ff544ac09fc98cab7ee8f26778a5a8b2d5fd4b0684c5ba5"},
    {file = "websockets-10.1-pp37-pypy37_pp73-manylinux_2_17_aarch64.manylinux2014_aarch64.whl", hash = "sha256:baa83174390c0ff4fc1304fbe24393843ac7a08fdd59295759c4b439e06b1536"},
    {file = "websockets-10.1-pp37-pypy37_pp73-manylinux_2_5_i686.manylinux1_i686.manylinux_2_12_i686.manylinux2010_i686.whl", hash = "sha256:483edee5abed738a0b6a908025be47f33634c2ad8e737edd03ffa895bd600909"},
    {file = "websockets-10.1-pp37-pypy37_pp73-manylinux_2_5_x86_64.manylinux1_x86_64.manylinux_2_12_x86_64.manylinux2010_x86_64.whl", hash = "sha256:816ae7dac2c6522cfa620947ead0ca95ac654916eebf515c94d7c28de5601a6e"},
    {file = "websockets-10.1-pp37-pypy37_pp73-win_amd64.whl", hash = "sha256:1dafe98698ece09b8ccba81b910643ff37198e43521d977be76caf37709cf62b"},
    {file = "websockets-10.1.tar.gz", hash = "sha256:181d2b25de5a437b36aefedaf006ecb6fa3aa1328ec0236cdde15f32f9d3ff6d"},
]
win32-setctime = [
    {file = "win32_setctime-1.1.0-py3-none-any.whl", hash = "sha256:231db239e959c2fe7eb1d7dc129f11172354f98361c4fa2d6d2d7e278baa8aad"},
    {file = "win32_setctime-1.1.0.tar.gz", hash = "sha256:15cf5750465118d6929ae4de4eb46e8edae9a5634350c01ba582df868e932cb2"},
]
xxhash = [
    {file = "xxhash-2.0.0-cp27-cp27m-macosx_10_6_intel.whl", hash = "sha256:df8d1ebdef86bd5d772d81c91d5d111a5ee8e4b68b8fc6b6edfa5aa825dd2a3d"},
    {file = "xxhash-2.0.0-cp27-cp27m-manylinux1_i686.whl", hash = "sha256:f01c59f5bad2e46bb4235b71b36c56be353f08b6d514a3bd0deb9bf56e4b180a"},
    {file = "xxhash-2.0.0-cp27-cp27m-manylinux1_x86_64.whl", hash = "sha256:cb4feeb8881eb89b9ddd0fae797deb078ebdaad6b1ae6c185b9993d241ed365a"},
    {file = "xxhash-2.0.0-cp27-cp27m-manylinux2010_i686.whl", hash = "sha256:2912d7810bcf7e39b3929fb186fe46ff83b1bd4a3d6b7eba956d57fa1516ac0c"},
    {file = "xxhash-2.0.0-cp27-cp27m-manylinux2010_x86_64.whl", hash = "sha256:48b99c55fc643b32f5efca9c35fcaac6ea553958cf503e202c10eb62718e7a0e"},
    {file = "xxhash-2.0.0-cp27-cp27m-win32.whl", hash = "sha256:3221f1a5bc2ee1f150b84a0c4c7cddc7724aaa01460f3353cf63fd667d89f593"},
    {file = "xxhash-2.0.0-cp27-cp27m-win_amd64.whl", hash = "sha256:cba4b6d174b524623ac8b64bda734601d574f95033f87ddf9c495c69a70135e8"},
    {file = "xxhash-2.0.0-cp27-cp27mu-manylinux1_i686.whl", hash = "sha256:b94f13f4f946500f3cc78f11da4ec4b340bd92c5200b5fe4e6aeac96064aa1fd"},
    {file = "xxhash-2.0.0-cp27-cp27mu-manylinux1_x86_64.whl", hash = "sha256:635b1d7fa85d215112f41d089bd113ac139f6a42769fcc49c73e779904160f7f"},
    {file = "xxhash-2.0.0-cp27-cp27mu-manylinux2010_i686.whl", hash = "sha256:0f5f1b9ae8e2cf2ff606018769f7e46147df70291312f64e1b80d10482ca8c0b"},
    {file = "xxhash-2.0.0-cp27-cp27mu-manylinux2010_x86_64.whl", hash = "sha256:8f90deec6567a38e1da29feff36973468691e309b2db8235e64936e61df77c43"},
    {file = "xxhash-2.0.0-cp35-cp35m-macosx_10_6_intel.whl", hash = "sha256:8b7e930a60dfe7380e52466aa27941290dd575a5750c622158c86941797eaa1b"},
    {file = "xxhash-2.0.0-cp35-cp35m-manylinux1_i686.whl", hash = "sha256:44b26872fd63f1eaf1ab527817aebbd455a3fdcbd56ff6df74fd42a6a137cff4"},
    {file = "xxhash-2.0.0-cp35-cp35m-manylinux1_x86_64.whl", hash = "sha256:3d25b540148f1ebf4852e4115f3f4819b585ecd36f121a1f388e8966d69d3a1c"},
    {file = "xxhash-2.0.0-cp35-cp35m-manylinux2010_i686.whl", hash = "sha256:bcd1e9f3ba8df23edefe1d0a886f16b4e27602acbd8575b39540fea26e1aa6d2"},
    {file = "xxhash-2.0.0-cp35-cp35m-manylinux2010_x86_64.whl", hash = "sha256:fc03a399205268815742125b17d967afa9f23b08cdafe185e41368cf7ba9b278"},
    {file = "xxhash-2.0.0-cp35-cp35m-manylinux2014_aarch64.whl", hash = "sha256:bdbc195231c87d63b0503785d9c5264f4275a92da41d9f28fdf08fb321453356"},
    {file = "xxhash-2.0.0-cp35-cp35m-win32.whl", hash = "sha256:7291392bdb1d38c44557dfd3fcd4fd04c363a696dbfa7e6592700a31e4ff6657"},
    {file = "xxhash-2.0.0-cp35-cp35m-win_amd64.whl", hash = "sha256:e0fc170c3a00ca008d992c2e6324da3f1467b30044b5835d2feb27870645d38c"},
    {file = "xxhash-2.0.0-cp36-cp36m-macosx_10_6_intel.whl", hash = "sha256:5b3c0c84187556d463626ceed85f0d735a5b8ea1678da3e858d3934f38f23915"},
    {file = "xxhash-2.0.0-cp36-cp36m-manylinux1_i686.whl", hash = "sha256:2f0ca6673fcbae988389576a779c00a62a28718a18ddc7b2e5b32d7fb30c6f98"},
    {file = "xxhash-2.0.0-cp36-cp36m-manylinux1_x86_64.whl", hash = "sha256:d1859d54837af16ae2a7975477e619793ac698a374d909f533e317c3b384b223"},
    {file = "xxhash-2.0.0-cp36-cp36m-manylinux2010_i686.whl", hash = "sha256:9d0311fcd78dabe04ab3b4034659628b00ac220e77e37648f73aebbf4cb13680"},
    {file = "xxhash-2.0.0-cp36-cp36m-manylinux2010_x86_64.whl", hash = "sha256:0ecea927fd3df8f3f3a1d6e5bc85838eb44a69ea2f4c9263dfd0f68c4e17e483"},
    {file = "xxhash-2.0.0-cp36-cp36m-manylinux2014_aarch64.whl", hash = "sha256:4167f22b037e128820f7642ecc1fbf1b4b4956346093a2e75081bee82b9cfb7e"},
    {file = "xxhash-2.0.0-cp36-cp36m-win32.whl", hash = "sha256:85c5de6c56335b75beef2cba713f95a1b62422be5e27dad30b5083419c6839c4"},
    {file = "xxhash-2.0.0-cp36-cp36m-win_amd64.whl", hash = "sha256:ade1c356acd0b0454a3d3cf42442afe7ad0f46fc944ea1e84720b3858bfdb772"},
    {file = "xxhash-2.0.0-cp37-cp37m-macosx_10_6_intel.whl", hash = "sha256:fca7d0fb6fde33d1ac5f97298f44e711e5fe1b4587832864be8c6545cb072a54"},
    {file = "xxhash-2.0.0-cp37-cp37m-manylinux1_i686.whl", hash = "sha256:e296b0dee072a54c40c04f09ca35bb9902bb74b54f0fffeafabfc937b3ec85f9"},
    {file = "xxhash-2.0.0-cp37-cp37m-manylinux1_x86_64.whl", hash = "sha256:02476c5cef803cfd1350662b1e543e47ad64bd5f7f792033d94d590f9674da11"},
    {file = "xxhash-2.0.0-cp37-cp37m-manylinux2010_i686.whl", hash = "sha256:28c1f0bb6dadc11162d1f2e203d7a12d38b511b87fbb5ffa729594fd456f48e6"},
    {file = "xxhash-2.0.0-cp37-cp37m-manylinux2010_x86_64.whl", hash = "sha256:922ae5b1efa1f9a9cc959f7197113a623ad110853622e990433242a9d8d00d5c"},
    {file = "xxhash-2.0.0-cp37-cp37m-manylinux2014_aarch64.whl", hash = "sha256:7709bc8a5e30c74b07203553f33232531e7739458f72204908cedb08a00bd546"},
    {file = "xxhash-2.0.0-cp37-cp37m-win32.whl", hash = "sha256:fb3c9760598009b1d8bbe57785e278aeb956efb7372d8f9b0bb43cd46f420dff"},
    {file = "xxhash-2.0.0-cp37-cp37m-win_amd64.whl", hash = "sha256:3f29f6d455388cc415fe52c0f63f442aaea674cee35a2252d8d4dc8d640938c6"},
    {file = "xxhash-2.0.0-cp38-cp38-macosx_10_9_x86_64.whl", hash = "sha256:bf360465dc3d24b1501b799c85815c82ddcfc0ffbcba0232968f3a7cd64306fc"},
    {file = "xxhash-2.0.0-cp38-cp38-manylinux1_i686.whl", hash = "sha256:5d2edbb50025a67f061d09d381c54c7d0948c1572f6c9bd15ee238a303d368d9"},
    {file = "xxhash-2.0.0-cp38-cp38-manylinux1_x86_64.whl", hash = "sha256:7943ede91d8aedfcacb7178b2d881b7498145590206ff61c3e84dc66e6a51d6a"},
    {file = "xxhash-2.0.0-cp38-cp38-manylinux2010_i686.whl", hash = "sha256:b5c2edb8b0a2acc5bdac984b3177711f206463b970aa03087221771c2b0d8f1d"},
    {file = "xxhash-2.0.0-cp38-cp38-manylinux2010_x86_64.whl", hash = "sha256:16e4b7d508bb49b6fc84bf077f2f7f51263b5618cc61f33a64ed43786ec2c6cf"},
    {file = "xxhash-2.0.0-cp38-cp38-manylinux2014_aarch64.whl", hash = "sha256:80903d4ce7337921bbc8e5ac695b45691b43c0a00b21964c76e19ea21b9108ea"},
    {file = "xxhash-2.0.0-cp38-cp38-win32.whl", hash = "sha256:e37b25182e969212d5aec60a8da7d1e6a960dbffdb9ba4c63e2240de3605c184"},
    {file = "xxhash-2.0.0-cp38-cp38-win_amd64.whl", hash = "sha256:fabee25186b6649bbf6ff258f23941339902374786f8317b0422144ddaa505df"},
    {file = "xxhash-2.0.0-pp27-pypy_73-manylinux1_x86_64.whl", hash = "sha256:be93004b832717234a7d2f47dc555428ab1e8712f99cad7d212cebe0e27d3d48"},
    {file = "xxhash-2.0.0-pp27-pypy_73-manylinux2010_x86_64.whl", hash = "sha256:1b86f49b36c25ebdbd1b5539d428a37d9051ad49eb576a3edd964a8770bc8f3a"},
    {file = "xxhash-2.0.0-pp27-pypy_73-win32.whl", hash = "sha256:bde4d39997de901d0a66ebd631b34f9cf106676fec0878f36b7baf630cb3965a"},
    {file = "xxhash-2.0.0-pp36-pypy36_pp73-manylinux1_x86_64.whl", hash = "sha256:99b5412a3eddb1aa9aaf36cdbf93be4eca99ad83ff8c692672fdeedc7fb597de"},
    {file = "xxhash-2.0.0-pp36-pypy36_pp73-manylinux2010_x86_64.whl", hash = "sha256:33c4832e689f429539d70baf69162b41dfbabc7f31ca542b5b772cb8a55e7a79"},
    {file = "xxhash-2.0.0-pp36-pypy36_pp73-win32.whl", hash = "sha256:82034c9ed54db20f051133cba01de959b5208fe2900e67ebb4c9631f1fd523fd"},
    {file = "xxhash-2.0.0.tar.gz", hash = "sha256:58ca818554c1476fa1456f6cd4b87002e2294f09baf0f81e5a2a4968e62c423c"},
]
zipp = [
    {file = "zipp-3.7.0-py3-none-any.whl", hash = "sha256:b47250dd24f92b7dd6a0a8fc5244da14608f3ca90a5efcd37a3b1642fac9a375"},
    {file = "zipp-3.7.0.tar.gz", hash = "sha256:9f50f446828eb9d45b267433fd3e9da8d801f614129124863f9c51ebceafb87d"},
]
